// !$*UTF8*$!
{
	archiveVersion = 1;
	classes = {
	};
	objectVersion = 46;
	objects = {

/* Begin PBXBuildFile section */
		3980E9A5F51A4472B7514BF4 /* libPods.a in Frameworks */ = {isa = PBXBuildFile; fileRef = 9553C6822D1E4B5082F74644 /* libPods.a */; };
		8704D60718A109EB00C8977E /* HPAgnesUIMetrics.m in Sources */ = {isa = PBXBuildFile; fileRef = 8704D60618A109EB00C8977E /* HPAgnesUIMetrics.m */; };
		8704D60A18A19B0400C8977E /* HPAgnesViewController.m in Sources */ = {isa = PBXBuildFile; fileRef = 8704D60918A19B0400C8977E /* HPAgnesViewController.m */; };
		870B5AEE18902B0B009A11AB /* HPNoteListDetailTransitionAnimator.m in Sources */ = {isa = PBXBuildFile; fileRef = 870B5AED18902B0B009A11AB /* HPNoteListDetailTransitionAnimator.m */; };
		870B5AF118903BE4009A11AB /* HPFontManager.m in Sources */ = {isa = PBXBuildFile; fileRef = 870B5AF018903BE4009A11AB /* HPFontManager.m */; };
		871429A71892E84400DA588F /* HPIndexItemTableViewCell.m in Sources */ = {isa = PBXBuildFile; fileRef = 871429A61892E84400DA588F /* HPIndexItemTableViewCell.m */; };
		871429A91892E87A00DA588F /* HPIndexItemTableViewCell.xib in Resources */ = {isa = PBXBuildFile; fileRef = 871429A81892E87A00DA588F /* HPIndexItemTableViewCell.xib */; };
		871429AC18933D6600DA588F /* HPNoteActivityItemSource.m in Sources */ = {isa = PBXBuildFile; fileRef = 871429AB18933D6600DA588F /* HPNoteActivityItemSource.m */; };
		871429F618955CF900DA588F /* HPNoteNavigationController.m in Sources */ = {isa = PBXBuildFile; fileRef = 871429F518955CF900DA588F /* HPNoteNavigationController.m */; };
		871429F918965BD600DA588F /* NSString+hp_utils.m in Sources */ = {isa = PBXBuildFile; fileRef = 871429F818965BD600DA588F /* NSString+hp_utils.m */; };
		87142A001896CFC900DA588F /* HPNoteImporter.m in Sources */ = {isa = PBXBuildFile; fileRef = 871429FF1896CFC900DA588F /* HPNoteImporter.m */; };
		87142A061897CDA300DA588F /* HPAgnesNavigationController.m in Sources */ = {isa = PBXBuildFile; fileRef = 87142A051897CDA300DA588F /* HPAgnesNavigationController.m */; };
		871CD002189AB77800E39CFA /* HPAttachment.m in Sources */ = {isa = PBXBuildFile; fileRef = 871CCFFF189AB77800E39CFA /* HPAttachment.m */; };
		871CD003189AB77800E39CFA /* HPData.m in Sources */ = {isa = PBXBuildFile; fileRef = 871CD001189AB77800E39CFA /* HPData.m */; };
		871CD005189AB9EA00E39CFA /* MobileCoreServices.framework in Frameworks */ = {isa = PBXBuildFile; fileRef = 871CD004189AB9EA00E39CFA /* MobileCoreServices.framework */; };
		871CD008189ABD5300E39CFA /* UIImage+hp_utils.m in Sources */ = {isa = PBXBuildFile; fileRef = 871CD007189ABD5300E39CFA /* UIImage+hp_utils.m */; };
		871CD00A189B098200E39CFA /* HPNoteSearchTableViewCell.xib in Resources */ = {isa = PBXBuildFile; fileRef = 871CD009189B098200E39CFA /* HPNoteSearchTableViewCell.xib */; };
		871CD010189B4A4C00E39CFA /* UIColor+hp_utils.m in Sources */ = {isa = PBXBuildFile; fileRef = 871CD00F189B4A4C00E39CFA /* UIColor+hp_utils.m */; };
		871CD013189B4EE200E39CFA /* sample.jpg in Resources */ = {isa = PBXBuildFile; fileRef = 871CD011189B4EE200E39CFA /* sample.jpg */; };
		871CD014189B4EE200E39CFA /* sample@2x.jpg in Resources */ = {isa = PBXBuildFile; fileRef = 871CD012189B4EE200E39CFA /* sample@2x.jpg */; };
		871F7C4118D8A55400E6CA07 /* AGNTagTapGestureRecognizer.m in Sources */ = {isa = PBXBuildFile; fileRef = 871F7C4018D8A55400E6CA07 /* AGNTagTapGestureRecognizer.m */; };
		872C19A518986F6C0013C9A5 /* Localizable.stringsdict in Resources */ = {isa = PBXBuildFile; fileRef = 872C19A318986F6C0013C9A5 /* Localizable.stringsdict */; };
		872C19AD18987B970013C9A5 /* libTestFlight.a in Frameworks */ = {isa = PBXBuildFile; fileRef = 872C19A718987B970013C9A5 /* libTestFlight.a */; };
		872C19B118987BC80013C9A5 /* libz.dylib in Frameworks */ = {isa = PBXBuildFile; fileRef = 872C19B018987BC80013C9A5 /* libz.dylib */; };
		872C19B9189896B90013C9A5 /* HPNoteListSearchBar.m in Sources */ = {isa = PBXBuildFile; fileRef = 872C19B8189896B90013C9A5 /* HPNoteListSearchBar.m */; };
		87393C5318A55F0D006AB087 /* UITextView+hp_utils.m in Sources */ = {isa = PBXBuildFile; fileRef = 87393C5218A55F0D006AB087 /* UITextView+hp_utils.m */; };
		873E091918EB829A007E9675 /* AGNListDataSource.m in Sources */ = {isa = PBXBuildFile; fileRef = 873E091818EB829A007E9675 /* AGNListDataSource.m */; };
		873E091C18EB85CA007E9675 /* HPArrayDataSource.m in Sources */ = {isa = PBXBuildFile; fileRef = 873E091B18EB85CA007E9675 /* HPArrayDataSource.m */; };
		873E091F18EBABDA007E9675 /* HPSectionArrayDataSource.m in Sources */ = {isa = PBXBuildFile; fileRef = 873E091E18EBABDA007E9675 /* HPSectionArrayDataSource.m */; };
		873E092618EBAECA007E9675 /* AGNSearchDataSource.m in Sources */ = {isa = PBXBuildFile; fileRef = 873E092518EBAECA007E9675 /* AGNSearchDataSource.m */; };
		873E228218A9AFB500E7919C /* HPAgnesImageCache.m in Sources */ = {isa = PBXBuildFile; fileRef = 873E228118A9AFB500E7919C /* HPAgnesImageCache.m */; };
		873E228518AA447700E7919C /* UIView+hp_utils.m in Sources */ = {isa = PBXBuildFile; fileRef = 873E228418AA447700E7919C /* UIView+hp_utils.m */; };
		873E9CCF189174F8003364E7 /* UITableView+hp_reloadChanges.m in Sources */ = {isa = PBXBuildFile; fileRef = 873E9CCE189174F8003364E7 /* UITableView+hp_reloadChanges.m */; };
		8740FADA1889B3F4004CF099 /* HPNoteSearchTableViewCell.m in Sources */ = {isa = PBXBuildFile; fileRef = 8740FAD91889B3F4004CF099 /* HPNoteSearchTableViewCell.m */; };
		8740FADE188A8B69004CF099 /* HPIndexViewController.m in Sources */ = {isa = PBXBuildFile; fileRef = 8740FADC188A8B69004CF099 /* HPIndexViewController.m */; };
		8740FADF188A8B69004CF099 /* HPIndexViewController.xib in Resources */ = {isa = PBXBuildFile; fileRef = 8740FADD188A8B69004CF099 /* HPIndexViewController.xib */; };
		8740FAE5188A8C3F004CF099 /* HPIndexItem.m in Sources */ = {isa = PBXBuildFile; fileRef = 8740FAE4188A8C3F004CF099 /* HPIndexItem.m */; };
		8740FAE8188AA7DB004CF099 /* HPNoteTableViewCell.m in Sources */ = {isa = PBXBuildFile; fileRef = 8740FAE7188AA7DB004CF099 /* HPNoteTableViewCell.m */; };
		8740FAEB188ACEF9004CF099 /* Localizable.strings in Resources */ = {isa = PBXBuildFile; fileRef = 8740FAE9188ACEF9004CF099 /* Localizable.strings */; };
		8740FAF1188B2AC5004CF099 /* HPTagSuggestionsView.m in Sources */ = {isa = PBXBuildFile; fileRef = 8740FAF0188B2AC5004CF099 /* HPTagSuggestionsView.m */; };
		8740FAF5188B3A5A004CF099 /* NDTrie.m in Sources */ = {isa = PBXBuildFile; fileRef = 8740FAF4188B3A5A004CF099 /* NDTrie.m */; settings = {COMPILER_FLAGS = "-fno-objc-arc"; }; };
		874F1AA318BC32BE006C1323 /* UILabel+hp_utils.m in Sources */ = {isa = PBXBuildFile; fileRef = 874F1AA218BC32BE006C1323 /* UILabel+hp_utils.m */; };
		874F1AA618BC95B2006C1323 /* HPTextInteractionTapGestureRecognizer.m in Sources */ = {isa = PBXBuildFile; fileRef = 874F1AA518BC95B2006C1323 /* HPTextInteractionTapGestureRecognizer.m */; };
		8758A29718D7805400CA69E9 /* Crashlytics.framework in Frameworks */ = {isa = PBXBuildFile; fileRef = 8758A29618D7805400CA69E9 /* Crashlytics.framework */; };
		8763DA2B18883ACF000D9569 /* Foundation.framework in Frameworks */ = {isa = PBXBuildFile; fileRef = 8763DA2A18883ACF000D9569 /* Foundation.framework */; };
		8763DA2D18883ACF000D9569 /* CoreGraphics.framework in Frameworks */ = {isa = PBXBuildFile; fileRef = 8763DA2C18883ACF000D9569 /* CoreGraphics.framework */; };
		8763DA2F18883ACF000D9569 /* UIKit.framework in Frameworks */ = {isa = PBXBuildFile; fileRef = 8763DA2E18883ACF000D9569 /* UIKit.framework */; };
		8763DA3518883ACF000D9569 /* InfoPlist.strings in Resources */ = {isa = PBXBuildFile; fileRef = 8763DA3318883ACF000D9569 /* InfoPlist.strings */; };
		8763DA3718883ACF000D9569 /* main.m in Sources */ = {isa = PBXBuildFile; fileRef = 8763DA3618883ACF000D9569 /* main.m */; };
		8763DA3B18883ACF000D9569 /* HPAppDelegate.m in Sources */ = {isa = PBXBuildFile; fileRef = 8763DA3A18883ACF000D9569 /* HPAppDelegate.m */; };
		8763DA3D18883ACF000D9569 /* Images.xcassets in Resources */ = {isa = PBXBuildFile; fileRef = 8763DA3C18883ACF000D9569 /* Images.xcassets */; };
		8763DA4418883ACF000D9569 /* XCTest.framework in Frameworks */ = {isa = PBXBuildFile; fileRef = 8763DA4318883ACF000D9569 /* XCTest.framework */; };
		8763DA4518883ACF000D9569 /* Foundation.framework in Frameworks */ = {isa = PBXBuildFile; fileRef = 8763DA2A18883ACF000D9569 /* Foundation.framework */; };
		8763DA4618883ACF000D9569 /* UIKit.framework in Frameworks */ = {isa = PBXBuildFile; fileRef = 8763DA2E18883ACF000D9569 /* UIKit.framework */; };
		8763DA4E18883ACF000D9569 /* InfoPlist.strings in Resources */ = {isa = PBXBuildFile; fileRef = 8763DA4C18883ACF000D9569 /* InfoPlist.strings */; };
		8763DA5018883ACF000D9569 /* AgnesTests.m in Sources */ = {isa = PBXBuildFile; fileRef = 8763DA4F18883ACF000D9569 /* AgnesTests.m */; };
		8763DA5B18883B2B000D9569 /* HPNoteListViewController.m in Sources */ = {isa = PBXBuildFile; fileRef = 8763DA5A18883B2B000D9569 /* HPNoteListViewController.m */; };
		8763DA5D18883B6D000D9569 /* HPNoteListViewController.xib in Resources */ = {isa = PBXBuildFile; fileRef = 8763DA5C18883B6D000D9569 /* HPNoteListViewController.xib */; };
		8763DA631888420A000D9569 /* HPNoteManager.m in Sources */ = {isa = PBXBuildFile; fileRef = 8763DA621888420A000D9569 /* HPNoteManager.m */; };
		8763DA6718884650000D9569 /* HPNoteViewController.m in Sources */ = {isa = PBXBuildFile; fileRef = 8763DA6518884650000D9569 /* HPNoteViewController.m */; };
		8763DA6818884650000D9569 /* HPNoteViewController.xib in Resources */ = {isa = PBXBuildFile; fileRef = 8763DA6618884650000D9569 /* HPNoteViewController.xib */; };
		8763DA6B188942F6000D9569 /* HPBaseTextStorage.m in Sources */ = {isa = PBXBuildFile; fileRef = 8763DA6A188942F6000D9569 /* HPBaseTextStorage.m */; };
		8763DA6E18897982000D9569 /* HPNoteListTableViewCell.m in Sources */ = {isa = PBXBuildFile; fileRef = 8763DA6D18897982000D9569 /* HPNoteListTableViewCell.m */; };
		87A6905B18B4C59400F97E13 /* hashtags.plist in Resources */ = {isa = PBXBuildFile; fileRef = 87A6905918B4C59400F97E13 /* hashtags.plist */; };
		87A6906D18B4CA2700F97E13 /* libGoogleAnalyticsServices.a in Frameworks */ = {isa = PBXBuildFile; fileRef = 87A6906C18B4CA2700F97E13 /* libGoogleAnalyticsServices.a */; };
		87A6907018B4CA8600F97E13 /* HPTracker.m in Sources */ = {isa = PBXBuildFile; fileRef = 87A6906F18B4CA8600F97E13 /* HPTracker.m */; };
		87A6907218B4CCAE00F97E13 /* SystemConfiguration.framework in Frameworks */ = {isa = PBXBuildFile; fileRef = 87A6907118B4CCAE00F97E13 /* SystemConfiguration.framework */; };
		87A6907418B4CCF600F97E13 /* AdSupport.framework in Frameworks */ = {isa = PBXBuildFile; fileRef = 87A6907318B4CCF600F97E13 /* AdSupport.framework */; };
		87A6907718B4EAF900F97E13 /* HPNavigationBarToggleTitleView.m in Sources */ = {isa = PBXBuildFile; fileRef = 87A6907618B4EAF900F97E13 /* HPNavigationBarToggleTitleView.m */; };
		87AA3CF6189C13E100FBEAAF /* HPImageZoomAnimationController.m in Sources */ = {isa = PBXBuildFile; fileRef = 87AA3CEF189C13E100FBEAAF /* HPImageZoomAnimationController.m */; };
		87AA3CF7189C13E100FBEAAF /* HPImageViewController.m in Sources */ = {isa = PBXBuildFile; fileRef = 87AA3CF2189C13E100FBEAAF /* HPImageViewController.m */; };
		87AA3CF8189C13E100FBEAAF /* HPImageViewController.xib in Resources */ = {isa = PBXBuildFile; fileRef = 87AA3CF3189C13E100FBEAAF /* HPImageViewController.xib */; };
		87AA3D08189F342800FBEAAF /* HPNote+List.m in Sources */ = {isa = PBXBuildFile; fileRef = 87AA3D07189F342800FBEAAF /* HPNote+List.m */; };
		87AA3D0E189FA74B00FBEAAF /* HPAttachment+Template.m in Sources */ = {isa = PBXBuildFile; fileRef = 87AA3D0D189FA74B00FBEAAF /* HPAttachment+Template.m */; };
		87AA3D11189FF79B00FBEAAF /* HPNote+Detail.m in Sources */ = {isa = PBXBuildFile; fileRef = 87AA3D10189FF79B00FBEAAF /* HPNote+Detail.m */; };
		87AA3D1418A0026400FBEAAF /* HPAttachmentManager.m in Sources */ = {isa = PBXBuildFile; fileRef = 87AA3D1318A0026400FBEAAF /* HPAttachmentManager.m */; };
		87AA3D1718A0E22800FBEAAF /* HPNoFirstResponderActionSheet.m in Sources */ = {isa = PBXBuildFile; fileRef = 87AA3D1618A0E22800FBEAAF /* HPNoFirstResponderActionSheet.m */; };
		87AD2F83188E900B0065EEBA /* HPNoteListTableViewCell.xib in Resources */ = {isa = PBXBuildFile; fileRef = 87AD2F82188E900B0065EEBA /* HPNoteListTableViewCell.xib */; };
		87CAF3AC18B7673E004380BB /* NSNotification+hp_status.m in Sources */ = {isa = PBXBuildFile; fileRef = 87CAF3AB18B7673E004380BB /* NSNotification+hp_status.m */; };
		87CAF3B418B78141004380BB /* HPModelContextImporter.m in Sources */ = {isa = PBXBuildFile; fileRef = 87CAF3B318B78141004380BB /* HPModelContextImporter.m */; };
		87CAF3B718B79DF0004380BB /* CVRAlertView.m in Sources */ = {isa = PBXBuildFile; fileRef = 87CAF3B618B79DF0004380BB /* CVRAlertView.m */; };
		87D02E19188ECBA600273DEC /* HPNoteExporter.m in Sources */ = {isa = PBXBuildFile; fileRef = 87D02E18188ECBA600273DEC /* HPNoteExporter.m */; };
		87DA062918A27ADC00762E12 /* HPModelManager.m in Sources */ = {isa = PBXBuildFile; fileRef = 87DA062818A27ADC00762E12 /* HPModelManager.m */; };
		87E37E3E188B57C0000333EA /* HPPreferencesManager.m in Sources */ = {isa = PBXBuildFile; fileRef = 87E37E3D188B57C0000333EA /* HPPreferencesManager.m */; };
		87E37E41188B6158000333EA /* HPNoteAction.m in Sources */ = {isa = PBXBuildFile; fileRef = 87E37E40188B6158000333EA /* HPNoteAction.m */; };
		87E37E88188BDFA6000333EA /* Agnes.xcdatamodeld in Sources */ = {isa = PBXBuildFile; fileRef = 87E37E86188BDFA6000333EA /* Agnes.xcdatamodeld */; };
		87E37EE4188BEF81000333EA /* CoreData.framework in Frameworks */ = {isa = PBXBuildFile; fileRef = 87E37EE3188BEF81000333EA /* CoreData.framework */; };
		87E37EE7188C413C000333EA /* HPNote.m in Sources */ = {isa = PBXBuildFile; fileRef = 87E37EE6188C413C000333EA /* HPNote.m */; };
		87E37EEA188C413D000333EA /* HPTag.m in Sources */ = {isa = PBXBuildFile; fileRef = 87E37EE9188C413D000333EA /* HPTag.m */; };
		87E37EEE188CA0D0000333EA /* HPEntityManager.m in Sources */ = {isa = PBXBuildFile; fileRef = 87E37EED188CA0D0000333EA /* HPEntityManager.m */; };
		87E37EF1188CA5F5000333EA /* HPTagManager.m in Sources */ = {isa = PBXBuildFile; fileRef = 87E37EF0188CA5F5000333EA /* HPTagManager.m */; };
		87E37EF4188CB169000333EA /* HPRootViewController.m in Sources */ = {isa = PBXBuildFile; fileRef = 87E37EF3188CB169000333EA /* HPRootViewController.m */; };
		87E37EF6188D9166000333EA /* MessageUI.framework in Frameworks */ = {isa = PBXBuildFile; fileRef = 87E37EF5188D9166000333EA /* MessageUI.framework */; };
		87E37EFA188D97F3000333EA /* HPBrowserViewController.m in Sources */ = {isa = PBXBuildFile; fileRef = 87E37EF8188D97F3000333EA /* HPBrowserViewController.m */; };
		87E37EFB188D97F3000333EA /* HPBrowserViewController.xib in Resources */ = {isa = PBXBuildFile; fileRef = 87E37EF9188D97F3000333EA /* HPBrowserViewController.xib */; };
		87E37EFD188DA9B1000333EA /* AddressBook.framework in Frameworks */ = {isa = PBXBuildFile; fileRef = 87E37EFC188DA9B1000333EA /* AddressBook.framework */; };
		87E37EFF188DA9B5000333EA /* AddressBookUI.framework in Frameworks */ = {isa = PBXBuildFile; fileRef = 87E37EFE188DA9B5000333EA /* AddressBookUI.framework */; };
		87E37F03188DB2E7000333EA /* HPDataActionViewController.m in Sources */ = {isa = PBXBuildFile; fileRef = 87E37F01188DB2E7000333EA /* HPDataActionViewController.m */; };
		87E37F07188E4CD4000333EA /* HPKeyboardButton.m in Sources */ = {isa = PBXBuildFile; fileRef = 87E37F06188E4CD4000333EA /* HPKeyboardButton.m */; };
		87F47BB118ACE5E600F1FB48 /* sample-thumbnail@2x.jpg in Resources */ = {isa = PBXBuildFile; fileRef = 87F47BAF18ACE5E600F1FB48 /* sample-thumbnail@2x.jpg */; };
		87F47BB218ACE5E600F1FB48 /* sample-thumbnail.jpg in Resources */ = {isa = PBXBuildFile; fileRef = 87F47BB018ACE5E600F1FB48 /* sample-thumbnail.jpg */; };
		87FD524718BA50340069FB16 /* AGNPreference.m in Sources */ = {isa = PBXBuildFile; fileRef = 87FD524618BA50340069FB16 /* AGNPreference.m */; };
		87FD524A18BA50550069FB16 /* AGNPreferenceManager.m in Sources */ = {isa = PBXBuildFile; fileRef = 87FD524918BA50550069FB16 /* AGNPreferenceManager.m */; };
/* End PBXBuildFile section */

/* Begin PBXContainerItemProxy section */
		8763DA4718883ACF000D9569 /* PBXContainerItemProxy */ = {
			isa = PBXContainerItemProxy;
			containerPortal = 8763DA1F18883ACF000D9569 /* Project object */;
			proxyType = 1;
			remoteGlobalIDString = 8763DA2618883ACF000D9569;
			remoteInfo = Agnes;
		};
/* End PBXContainerItemProxy section */

/* Begin PBXFileReference section */
		09E94F643D944B4DAEA256D1 /* Pods.xcconfig */ = {isa = PBXFileReference; includeInIndex = 1; lastKnownFileType = text.xcconfig; name = Pods.xcconfig; path = Pods/Pods.xcconfig; sourceTree = "<group>"; };
		8704D60518A109EB00C8977E /* HPAgnesUIMetrics.h */ = {isa = PBXFileReference; fileEncoding = 4; lastKnownFileType = sourcecode.c.h; path = HPAgnesUIMetrics.h; sourceTree = "<group>"; };
		8704D60618A109EB00C8977E /* HPAgnesUIMetrics.m */ = {isa = PBXFileReference; fileEncoding = 4; lastKnownFileType = sourcecode.c.objc; path = HPAgnesUIMetrics.m; sourceTree = "<group>"; };
		8704D60818A19B0400C8977E /* HPAgnesViewController.h */ = {isa = PBXFileReference; fileEncoding = 4; lastKnownFileType = sourcecode.c.h; path = HPAgnesViewController.h; sourceTree = "<group>"; };
		8704D60918A19B0400C8977E /* HPAgnesViewController.m */ = {isa = PBXFileReference; fileEncoding = 4; lastKnownFileType = sourcecode.c.objc; path = HPAgnesViewController.m; sourceTree = "<group>"; };
		870B5AEC18902B0B009A11AB /* HPNoteListDetailTransitionAnimator.h */ = {isa = PBXFileReference; fileEncoding = 4; lastKnownFileType = sourcecode.c.h; path = HPNoteListDetailTransitionAnimator.h; sourceTree = "<group>"; };
		870B5AED18902B0B009A11AB /* HPNoteListDetailTransitionAnimator.m */ = {isa = PBXFileReference; fileEncoding = 4; lastKnownFileType = sourcecode.c.objc; path = HPNoteListDetailTransitionAnimator.m; sourceTree = "<group>"; };
		870B5AEF18903BE4009A11AB /* HPFontManager.h */ = {isa = PBXFileReference; fileEncoding = 4; lastKnownFileType = sourcecode.c.h; path = HPFontManager.h; sourceTree = "<group>"; };
		870B5AF018903BE4009A11AB /* HPFontManager.m */ = {isa = PBXFileReference; fileEncoding = 4; lastKnownFileType = sourcecode.c.objc; path = HPFontManager.m; sourceTree = "<group>"; };
		871429A51892E84400DA588F /* HPIndexItemTableViewCell.h */ = {isa = PBXFileReference; fileEncoding = 4; lastKnownFileType = sourcecode.c.h; path = HPIndexItemTableViewCell.h; sourceTree = "<group>"; };
		871429A61892E84400DA588F /* HPIndexItemTableViewCell.m */ = {isa = PBXFileReference; fileEncoding = 4; lastKnownFileType = sourcecode.c.objc; path = HPIndexItemTableViewCell.m; sourceTree = "<group>"; };
		871429A81892E87A00DA588F /* HPIndexItemTableViewCell.xib */ = {isa = PBXFileReference; fileEncoding = 4; lastKnownFileType = file.xib; path = HPIndexItemTableViewCell.xib; sourceTree = "<group>"; };
		871429AA18933D6600DA588F /* HPNoteActivityItemSource.h */ = {isa = PBXFileReference; fileEncoding = 4; lastKnownFileType = sourcecode.c.h; path = HPNoteActivityItemSource.h; sourceTree = "<group>"; };
		871429AB18933D6600DA588F /* HPNoteActivityItemSource.m */ = {isa = PBXFileReference; fileEncoding = 4; lastKnownFileType = sourcecode.c.objc; path = HPNoteActivityItemSource.m; sourceTree = "<group>"; };
		871429F418955CF900DA588F /* HPNoteNavigationController.h */ = {isa = PBXFileReference; fileEncoding = 4; lastKnownFileType = sourcecode.c.h; path = HPNoteNavigationController.h; sourceTree = "<group>"; };
		871429F518955CF900DA588F /* HPNoteNavigationController.m */ = {isa = PBXFileReference; fileEncoding = 4; lastKnownFileType = sourcecode.c.objc; path = HPNoteNavigationController.m; sourceTree = "<group>"; };
		871429F718965BD600DA588F /* NSString+hp_utils.h */ = {isa = PBXFileReference; fileEncoding = 4; lastKnownFileType = sourcecode.c.h; path = "NSString+hp_utils.h"; sourceTree = "<group>"; };
		871429F818965BD600DA588F /* NSString+hp_utils.m */ = {isa = PBXFileReference; fileEncoding = 4; lastKnownFileType = sourcecode.c.objc; path = "NSString+hp_utils.m"; sourceTree = "<group>"; };
		871429FE1896CFC900DA588F /* HPNoteImporter.h */ = {isa = PBXFileReference; fileEncoding = 4; lastKnownFileType = sourcecode.c.h; path = HPNoteImporter.h; sourceTree = "<group>"; };
		871429FF1896CFC900DA588F /* HPNoteImporter.m */ = {isa = PBXFileReference; fileEncoding = 4; lastKnownFileType = sourcecode.c.objc; path = HPNoteImporter.m; sourceTree = "<group>"; };
		87142A041897CDA300DA588F /* HPAgnesNavigationController.h */ = {isa = PBXFileReference; fileEncoding = 4; lastKnownFileType = sourcecode.c.h; path = HPAgnesNavigationController.h; sourceTree = "<group>"; };
		87142A051897CDA300DA588F /* HPAgnesNavigationController.m */ = {isa = PBXFileReference; fileEncoding = 4; lastKnownFileType = sourcecode.c.objc; path = HPAgnesNavigationController.m; sourceTree = "<group>"; };
		871CCFFE189AB77800E39CFA /* HPAttachment.h */ = {isa = PBXFileReference; fileEncoding = 4; lastKnownFileType = sourcecode.c.h; path = HPAttachment.h; sourceTree = "<group>"; };
		871CCFFF189AB77800E39CFA /* HPAttachment.m */ = {isa = PBXFileReference; fileEncoding = 4; lastKnownFileType = sourcecode.c.objc; path = HPAttachment.m; sourceTree = "<group>"; };
		871CD000189AB77800E39CFA /* HPData.h */ = {isa = PBXFileReference; fileEncoding = 4; lastKnownFileType = sourcecode.c.h; path = HPData.h; sourceTree = "<group>"; };
		871CD001189AB77800E39CFA /* HPData.m */ = {isa = PBXFileReference; fileEncoding = 4; lastKnownFileType = sourcecode.c.objc; path = HPData.m; sourceTree = "<group>"; };
		871CD004189AB9EA00E39CFA /* MobileCoreServices.framework */ = {isa = PBXFileReference; lastKnownFileType = wrapper.framework; name = MobileCoreServices.framework; path = System/Library/Frameworks/MobileCoreServices.framework; sourceTree = SDKROOT; };
		871CD006189ABD5300E39CFA /* UIImage+hp_utils.h */ = {isa = PBXFileReference; fileEncoding = 4; lastKnownFileType = sourcecode.c.h; path = "UIImage+hp_utils.h"; sourceTree = "<group>"; };
		871CD007189ABD5300E39CFA /* UIImage+hp_utils.m */ = {isa = PBXFileReference; fileEncoding = 4; lastKnownFileType = sourcecode.c.objc; path = "UIImage+hp_utils.m"; sourceTree = "<group>"; };
		871CD009189B098200E39CFA /* HPNoteSearchTableViewCell.xib */ = {isa = PBXFileReference; fileEncoding = 4; lastKnownFileType = file.xib; path = HPNoteSearchTableViewCell.xib; sourceTree = "<group>"; };
		871CD00E189B4A4C00E39CFA /* UIColor+hp_utils.h */ = {isa = PBXFileReference; fileEncoding = 4; lastKnownFileType = sourcecode.c.h; path = "UIColor+hp_utils.h"; sourceTree = "<group>"; };
		871CD00F189B4A4C00E39CFA /* UIColor+hp_utils.m */ = {isa = PBXFileReference; fileEncoding = 4; lastKnownFileType = sourcecode.c.objc; path = "UIColor+hp_utils.m"; sourceTree = "<group>"; };
		871CD011189B4EE200E39CFA /* sample.jpg */ = {isa = PBXFileReference; lastKnownFileType = image.jpeg; path = sample.jpg; sourceTree = "<group>"; };
		871CD012189B4EE200E39CFA /* sample@2x.jpg */ = {isa = PBXFileReference; lastKnownFileType = image.jpeg; path = "sample@2x.jpg"; sourceTree = "<group>"; };
		871F7C3F18D8A55400E6CA07 /* AGNTagTapGestureRecognizer.h */ = {isa = PBXFileReference; fileEncoding = 4; lastKnownFileType = sourcecode.c.h; path = AGNTagTapGestureRecognizer.h; sourceTree = "<group>"; };
		871F7C4018D8A55400E6CA07 /* AGNTagTapGestureRecognizer.m */ = {isa = PBXFileReference; fileEncoding = 4; lastKnownFileType = sourcecode.c.objc; path = AGNTagTapGestureRecognizer.m; sourceTree = "<group>"; };
		872C19A418986F6C0013C9A5 /* en */ = {isa = PBXFileReference; lastKnownFileType = text.xml; name = en; path = en.lproj/Localizable.stringsdict; sourceTree = "<group>"; };
		872C19A718987B970013C9A5 /* libTestFlight.a */ = {isa = PBXFileReference; lastKnownFileType = archive.ar; path = libTestFlight.a; sourceTree = "<group>"; };
		872C19AA18987B970013C9A5 /* TestFlight+AsyncLogging.h */ = {isa = PBXFileReference; fileEncoding = 4; lastKnownFileType = sourcecode.c.h; path = "TestFlight+AsyncLogging.h"; sourceTree = "<group>"; };
		872C19AB18987B970013C9A5 /* TestFlight+ManualSessions.h */ = {isa = PBXFileReference; fileEncoding = 4; lastKnownFileType = sourcecode.c.h; path = "TestFlight+ManualSessions.h"; sourceTree = "<group>"; };
		872C19AC18987B970013C9A5 /* TestFlight.h */ = {isa = PBXFileReference; fileEncoding = 4; lastKnownFileType = sourcecode.c.h; path = TestFlight.h; sourceTree = "<group>"; };
		872C19B018987BC80013C9A5 /* libz.dylib */ = {isa = PBXFileReference; lastKnownFileType = "compiled.mach-o.dylib"; name = libz.dylib; path = usr/lib/libz.dylib; sourceTree = SDKROOT; };
		872C19B7189896B90013C9A5 /* HPNoteListSearchBar.h */ = {isa = PBXFileReference; fileEncoding = 4; lastKnownFileType = sourcecode.c.h; path = HPNoteListSearchBar.h; sourceTree = "<group>"; };
		872C19B8189896B90013C9A5 /* HPNoteListSearchBar.m */ = {isa = PBXFileReference; fileEncoding = 4; lastKnownFileType = sourcecode.c.objc; path = HPNoteListSearchBar.m; sourceTree = "<group>"; };
		87393C5118A55F0D006AB087 /* UITextView+hp_utils.h */ = {isa = PBXFileReference; fileEncoding = 4; lastKnownFileType = sourcecode.c.h; path = "UITextView+hp_utils.h"; sourceTree = "<group>"; };
		87393C5218A55F0D006AB087 /* UITextView+hp_utils.m */ = {isa = PBXFileReference; fileEncoding = 4; lastKnownFileType = sourcecode.c.objc; path = "UITextView+hp_utils.m"; sourceTree = "<group>"; };
		873E091718EB829A007E9675 /* AGNListDataSource.h */ = {isa = PBXFileReference; fileEncoding = 4; lastKnownFileType = sourcecode.c.h; path = AGNListDataSource.h; sourceTree = "<group>"; };
		873E091818EB829A007E9675 /* AGNListDataSource.m */ = {isa = PBXFileReference; fileEncoding = 4; lastKnownFileType = sourcecode.c.objc; path = AGNListDataSource.m; sourceTree = "<group>"; };
		873E091A18EB85CA007E9675 /* HPArrayDataSource.h */ = {isa = PBXFileReference; fileEncoding = 4; lastKnownFileType = sourcecode.c.h; path = HPArrayDataSource.h; sourceTree = "<group>"; };
		873E091B18EB85CA007E9675 /* HPArrayDataSource.m */ = {isa = PBXFileReference; fileEncoding = 4; lastKnownFileType = sourcecode.c.objc; path = HPArrayDataSource.m; sourceTree = "<group>"; };
		873E091D18EBABDA007E9675 /* HPSectionArrayDataSource.h */ = {isa = PBXFileReference; fileEncoding = 4; lastKnownFileType = sourcecode.c.h; path = HPSectionArrayDataSource.h; sourceTree = "<group>"; };
		873E091E18EBABDA007E9675 /* HPSectionArrayDataSource.m */ = {isa = PBXFileReference; fileEncoding = 4; lastKnownFileType = sourcecode.c.objc; path = HPSectionArrayDataSource.m; sourceTree = "<group>"; };
		873E092118EBAC13007E9675 /* HPDataSource.h */ = {isa = PBXFileReference; fileEncoding = 4; lastKnownFileType = sourcecode.c.h; path = HPDataSource.h; sourceTree = "<group>"; };
		873E092418EBAECA007E9675 /* AGNSearchDataSource.h */ = {isa = PBXFileReference; fileEncoding = 4; lastKnownFileType = sourcecode.c.h; path = AGNSearchDataSource.h; sourceTree = "<group>"; };
		873E092518EBAECA007E9675 /* AGNSearchDataSource.m */ = {isa = PBXFileReference; fileEncoding = 4; lastKnownFileType = sourcecode.c.objc; path = AGNSearchDataSource.m; sourceTree = "<group>"; };
		873E228018A9AFB500E7919C /* HPAgnesImageCache.h */ = {isa = PBXFileReference; fileEncoding = 4; lastKnownFileType = sourcecode.c.h; path = HPAgnesImageCache.h; sourceTree = "<group>"; };
		873E228118A9AFB500E7919C /* HPAgnesImageCache.m */ = {isa = PBXFileReference; fileEncoding = 4; lastKnownFileType = sourcecode.c.objc; path = HPAgnesImageCache.m; sourceTree = "<group>"; };
		873E228318AA447700E7919C /* UIView+hp_utils.h */ = {isa = PBXFileReference; fileEncoding = 4; lastKnownFileType = sourcecode.c.h; path = "UIView+hp_utils.h"; sourceTree = "<group>"; };
		873E228418AA447700E7919C /* UIView+hp_utils.m */ = {isa = PBXFileReference; fileEncoding = 4; lastKnownFileType = sourcecode.c.objc; path = "UIView+hp_utils.m"; sourceTree = "<group>"; };
		873E9CCD189174F8003364E7 /* UITableView+hp_reloadChanges.h */ = {isa = PBXFileReference; fileEncoding = 4; lastKnownFileType = sourcecode.c.h; path = "UITableView+hp_reloadChanges.h"; sourceTree = "<group>"; };
		873E9CCE189174F8003364E7 /* UITableView+hp_reloadChanges.m */ = {isa = PBXFileReference; fileEncoding = 4; lastKnownFileType = sourcecode.c.objc; path = "UITableView+hp_reloadChanges.m"; sourceTree = "<group>"; };
		8740FAD81889B3F4004CF099 /* HPNoteSearchTableViewCell.h */ = {isa = PBXFileReference; fileEncoding = 4; lastKnownFileType = sourcecode.c.h; path = HPNoteSearchTableViewCell.h; sourceTree = "<group>"; };
		8740FAD91889B3F4004CF099 /* HPNoteSearchTableViewCell.m */ = {isa = PBXFileReference; fileEncoding = 4; lastKnownFileType = sourcecode.c.objc; path = HPNoteSearchTableViewCell.m; sourceTree = "<group>"; };
		8740FADB188A8B69004CF099 /* HPIndexViewController.h */ = {isa = PBXFileReference; fileEncoding = 4; lastKnownFileType = sourcecode.c.h; path = HPIndexViewController.h; sourceTree = "<group>"; };
		8740FADC188A8B69004CF099 /* HPIndexViewController.m */ = {isa = PBXFileReference; fileEncoding = 4; lastKnownFileType = sourcecode.c.objc; path = HPIndexViewController.m; sourceTree = "<group>"; };
		8740FADD188A8B69004CF099 /* HPIndexViewController.xib */ = {isa = PBXFileReference; fileEncoding = 4; lastKnownFileType = file.xib; path = HPIndexViewController.xib; sourceTree = "<group>"; };
		8740FAE3188A8C3F004CF099 /* HPIndexItem.h */ = {isa = PBXFileReference; fileEncoding = 4; lastKnownFileType = sourcecode.c.h; path = HPIndexItem.h; sourceTree = "<group>"; };
		8740FAE4188A8C3F004CF099 /* HPIndexItem.m */ = {isa = PBXFileReference; fileEncoding = 4; lastKnownFileType = sourcecode.c.objc; path = HPIndexItem.m; sourceTree = "<group>"; };
		8740FAE6188AA7DB004CF099 /* HPNoteTableViewCell.h */ = {isa = PBXFileReference; fileEncoding = 4; lastKnownFileType = sourcecode.c.h; path = HPNoteTableViewCell.h; sourceTree = "<group>"; };
		8740FAE7188AA7DB004CF099 /* HPNoteTableViewCell.m */ = {isa = PBXFileReference; fileEncoding = 4; lastKnownFileType = sourcecode.c.objc; path = HPNoteTableViewCell.m; sourceTree = "<group>"; };
		8740FAEA188ACEF9004CF099 /* en */ = {isa = PBXFileReference; lastKnownFileType = text.plist.strings; name = en; path = en.lproj/Localizable.strings; sourceTree = "<group>"; };
		8740FAEF188B2AC5004CF099 /* HPTagSuggestionsView.h */ = {isa = PBXFileReference; fileEncoding = 4; lastKnownFileType = sourcecode.c.h; path = HPTagSuggestionsView.h; sourceTree = "<group>"; };
		8740FAF0188B2AC5004CF099 /* HPTagSuggestionsView.m */ = {isa = PBXFileReference; fileEncoding = 4; lastKnownFileType = sourcecode.c.objc; path = HPTagSuggestionsView.m; sourceTree = "<group>"; };
		8740FAF3188B3A5A004CF099 /* NDTrie.h */ = {isa = PBXFileReference; fileEncoding = 4; lastKnownFileType = sourcecode.c.h; path = NDTrie.h; sourceTree = "<group>"; };
		8740FAF4188B3A5A004CF099 /* NDTrie.m */ = {isa = PBXFileReference; fileEncoding = 4; lastKnownFileType = sourcecode.c.objc; path = NDTrie.m; sourceTree = "<group>"; };
		874F1AA118BC32BE006C1323 /* UILabel+hp_utils.h */ = {isa = PBXFileReference; fileEncoding = 4; lastKnownFileType = sourcecode.c.h; path = "UILabel+hp_utils.h"; sourceTree = "<group>"; };
		874F1AA218BC32BE006C1323 /* UILabel+hp_utils.m */ = {isa = PBXFileReference; fileEncoding = 4; lastKnownFileType = sourcecode.c.objc; path = "UILabel+hp_utils.m"; sourceTree = "<group>"; };
		874F1AA418BC95B2006C1323 /* HPTextInteractionTapGestureRecognizer.h */ = {isa = PBXFileReference; fileEncoding = 4; lastKnownFileType = sourcecode.c.h; path = HPTextInteractionTapGestureRecognizer.h; sourceTree = "<group>"; };
		874F1AA518BC95B2006C1323 /* HPTextInteractionTapGestureRecognizer.m */ = {isa = PBXFileReference; fileEncoding = 4; lastKnownFileType = sourcecode.c.objc; path = HPTextInteractionTapGestureRecognizer.m; sourceTree = "<group>"; };
		8758A29618D7805400CA69E9 /* Crashlytics.framework */ = {isa = PBXFileReference; lastKnownFileType = wrapper.framework; path = Crashlytics.framework; sourceTree = "<group>"; };
		8763DA2718883ACF000D9569 /* Agnes.app */ = {isa = PBXFileReference; explicitFileType = wrapper.application; includeInIndex = 0; path = Agnes.app; sourceTree = BUILT_PRODUCTS_DIR; };
		8763DA2A18883ACF000D9569 /* Foundation.framework */ = {isa = PBXFileReference; lastKnownFileType = wrapper.framework; name = Foundation.framework; path = System/Library/Frameworks/Foundation.framework; sourceTree = SDKROOT; };
		8763DA2C18883ACF000D9569 /* CoreGraphics.framework */ = {isa = PBXFileReference; lastKnownFileType = wrapper.framework; name = CoreGraphics.framework; path = System/Library/Frameworks/CoreGraphics.framework; sourceTree = SDKROOT; };
		8763DA2E18883ACF000D9569 /* UIKit.framework */ = {isa = PBXFileReference; lastKnownFileType = wrapper.framework; name = UIKit.framework; path = System/Library/Frameworks/UIKit.framework; sourceTree = SDKROOT; };
		8763DA3218883ACF000D9569 /* Agnes-Info.plist */ = {isa = PBXFileReference; lastKnownFileType = text.plist.xml; path = "Agnes-Info.plist"; sourceTree = "<group>"; };
		8763DA3418883ACF000D9569 /* en */ = {isa = PBXFileReference; lastKnownFileType = text.plist.strings; name = en; path = en.lproj/InfoPlist.strings; sourceTree = "<group>"; };
		8763DA3618883ACF000D9569 /* main.m */ = {isa = PBXFileReference; lastKnownFileType = sourcecode.c.objc; path = main.m; sourceTree = "<group>"; };
		8763DA3818883ACF000D9569 /* Agnes-Prefix.pch */ = {isa = PBXFileReference; lastKnownFileType = sourcecode.c.h; path = "Agnes-Prefix.pch"; sourceTree = "<group>"; };
		8763DA3918883ACF000D9569 /* HPAppDelegate.h */ = {isa = PBXFileReference; lastKnownFileType = sourcecode.c.h; path = HPAppDelegate.h; sourceTree = "<group>"; };
		8763DA3A18883ACF000D9569 /* HPAppDelegate.m */ = {isa = PBXFileReference; lastKnownFileType = sourcecode.c.objc; path = HPAppDelegate.m; sourceTree = "<group>"; };
		8763DA3C18883ACF000D9569 /* Images.xcassets */ = {isa = PBXFileReference; lastKnownFileType = folder.assetcatalog; path = Images.xcassets; sourceTree = "<group>"; };
		8763DA4218883ACF000D9569 /* AgnesTests.xctest */ = {isa = PBXFileReference; explicitFileType = wrapper.cfbundle; includeInIndex = 0; path = AgnesTests.xctest; sourceTree = BUILT_PRODUCTS_DIR; };
		8763DA4318883ACF000D9569 /* XCTest.framework */ = {isa = PBXFileReference; lastKnownFileType = wrapper.framework; name = XCTest.framework; path = Library/Frameworks/XCTest.framework; sourceTree = DEVELOPER_DIR; };
		8763DA4B18883ACF000D9569 /* AgnesTests-Info.plist */ = {isa = PBXFileReference; lastKnownFileType = text.plist.xml; path = "AgnesTests-Info.plist"; sourceTree = "<group>"; };
		8763DA4D18883ACF000D9569 /* en */ = {isa = PBXFileReference; lastKnownFileType = text.plist.strings; name = en; path = en.lproj/InfoPlist.strings; sourceTree = "<group>"; };
		8763DA4F18883ACF000D9569 /* AgnesTests.m */ = {isa = PBXFileReference; lastKnownFileType = sourcecode.c.objc; path = AgnesTests.m; sourceTree = "<group>"; };
		8763DA5918883B2B000D9569 /* HPNoteListViewController.h */ = {isa = PBXFileReference; fileEncoding = 4; lastKnownFileType = sourcecode.c.h; path = HPNoteListViewController.h; sourceTree = "<group>"; };
		8763DA5A18883B2B000D9569 /* HPNoteListViewController.m */ = {isa = PBXFileReference; fileEncoding = 4; lastKnownFileType = sourcecode.c.objc; path = HPNoteListViewController.m; sourceTree = "<group>"; };
		8763DA5C18883B6D000D9569 /* HPNoteListViewController.xib */ = {isa = PBXFileReference; fileEncoding = 4; lastKnownFileType = file.xib; path = HPNoteListViewController.xib; sourceTree = "<group>"; };
		8763DA611888420A000D9569 /* HPNoteManager.h */ = {isa = PBXFileReference; fileEncoding = 4; lastKnownFileType = sourcecode.c.h; path = HPNoteManager.h; sourceTree = "<group>"; };
		8763DA621888420A000D9569 /* HPNoteManager.m */ = {isa = PBXFileReference; fileEncoding = 4; lastKnownFileType = sourcecode.c.objc; path = HPNoteManager.m; sourceTree = "<group>"; };
		8763DA6418884650000D9569 /* HPNoteViewController.h */ = {isa = PBXFileReference; fileEncoding = 4; lastKnownFileType = sourcecode.c.h; path = HPNoteViewController.h; sourceTree = "<group>"; };
		8763DA6518884650000D9569 /* HPNoteViewController.m */ = {isa = PBXFileReference; fileEncoding = 4; lastKnownFileType = sourcecode.c.objc; path = HPNoteViewController.m; sourceTree = "<group>"; };
		8763DA6618884650000D9569 /* HPNoteViewController.xib */ = {isa = PBXFileReference; fileEncoding = 4; lastKnownFileType = file.xib; path = HPNoteViewController.xib; sourceTree = "<group>"; };
		8763DA69188942F6000D9569 /* HPBaseTextStorage.h */ = {isa = PBXFileReference; fileEncoding = 4; lastKnownFileType = sourcecode.c.h; path = HPBaseTextStorage.h; sourceTree = "<group>"; };
		8763DA6A188942F6000D9569 /* HPBaseTextStorage.m */ = {isa = PBXFileReference; fileEncoding = 4; lastKnownFileType = sourcecode.c.objc; path = HPBaseTextStorage.m; sourceTree = "<group>"; };
		8763DA6C18897982000D9569 /* HPNoteListTableViewCell.h */ = {isa = PBXFileReference; fileEncoding = 4; lastKnownFileType = sourcecode.c.h; path = HPNoteListTableViewCell.h; sourceTree = "<group>"; };
		8763DA6D18897982000D9569 /* HPNoteListTableViewCell.m */ = {isa = PBXFileReference; fileEncoding = 4; lastKnownFileType = sourcecode.c.objc; path = HPNoteListTableViewCell.m; sourceTree = "<group>"; };
		87A6905A18B4C59400F97E13 /* en */ = {isa = PBXFileReference; lastKnownFileType = text.plist.xml; name = en; path = en.lproj/hashtags.plist; sourceTree = "<group>"; };
		87A6905F18B4CA2700F97E13 /* GAI.h */ = {isa = PBXFileReference; fileEncoding = 4; lastKnownFileType = sourcecode.c.h; path = GAI.h; sourceTree = "<group>"; };
		87A6906018B4CA2700F97E13 /* GAIDictionaryBuilder.h */ = {isa = PBXFileReference; fileEncoding = 4; lastKnownFileType = sourcecode.c.h; path = GAIDictionaryBuilder.h; sourceTree = "<group>"; };
		87A6906118B4CA2700F97E13 /* GAIFields.h */ = {isa = PBXFileReference; fileEncoding = 4; lastKnownFileType = sourcecode.c.h; path = GAIFields.h; sourceTree = "<group>"; };
		87A6906218B4CA2700F97E13 /* GAILogger.h */ = {isa = PBXFileReference; fileEncoding = 4; lastKnownFileType = sourcecode.c.h; path = GAILogger.h; sourceTree = "<group>"; };
		87A6906318B4CA2700F97E13 /* GAITrackedViewController.h */ = {isa = PBXFileReference; fileEncoding = 4; lastKnownFileType = sourcecode.c.h; path = GAITrackedViewController.h; sourceTree = "<group>"; };
		87A6906418B4CA2700F97E13 /* GAITracker.h */ = {isa = PBXFileReference; fileEncoding = 4; lastKnownFileType = sourcecode.c.h; path = GAITracker.h; sourceTree = "<group>"; };
		87A6906C18B4CA2700F97E13 /* libGoogleAnalyticsServices.a */ = {isa = PBXFileReference; lastKnownFileType = archive.ar; path = libGoogleAnalyticsServices.a; sourceTree = "<group>"; };
		87A6906E18B4CA8600F97E13 /* HPTracker.h */ = {isa = PBXFileReference; fileEncoding = 4; lastKnownFileType = sourcecode.c.h; path = HPTracker.h; sourceTree = "<group>"; };
		87A6906F18B4CA8600F97E13 /* HPTracker.m */ = {isa = PBXFileReference; fileEncoding = 4; lastKnownFileType = sourcecode.c.objc; path = HPTracker.m; sourceTree = "<group>"; };
		87A6907118B4CCAE00F97E13 /* SystemConfiguration.framework */ = {isa = PBXFileReference; lastKnownFileType = wrapper.framework; name = SystemConfiguration.framework; path = System/Library/Frameworks/SystemConfiguration.framework; sourceTree = SDKROOT; };
		87A6907318B4CCF600F97E13 /* AdSupport.framework */ = {isa = PBXFileReference; lastKnownFileType = wrapper.framework; name = AdSupport.framework; path = System/Library/Frameworks/AdSupport.framework; sourceTree = SDKROOT; };
		87A6907518B4EAF900F97E13 /* HPNavigationBarToggleTitleView.h */ = {isa = PBXFileReference; fileEncoding = 4; lastKnownFileType = sourcecode.c.h; path = HPNavigationBarToggleTitleView.h; sourceTree = "<group>"; };
		87A6907618B4EAF900F97E13 /* HPNavigationBarToggleTitleView.m */ = {isa = PBXFileReference; fileEncoding = 4; lastKnownFileType = sourcecode.c.objc; path = HPNavigationBarToggleTitleView.m; sourceTree = "<group>"; };
		87AA3CEF189C13E100FBEAAF /* HPImageZoomAnimationController.m */ = {isa = PBXFileReference; fileEncoding = 4; lastKnownFileType = sourcecode.c.objc; path = HPImageZoomAnimationController.m; sourceTree = "<group>"; };
		87AA3CF0189C13E100FBEAAF /* HPImageZoomAnimationController.h */ = {isa = PBXFileReference; fileEncoding = 4; lastKnownFileType = sourcecode.c.h; path = HPImageZoomAnimationController.h; sourceTree = "<group>"; };
		87AA3CF1189C13E100FBEAAF /* HPImageViewController.h */ = {isa = PBXFileReference; fileEncoding = 4; lastKnownFileType = sourcecode.c.h; path = HPImageViewController.h; sourceTree = "<group>"; };
		87AA3CF2189C13E100FBEAAF /* HPImageViewController.m */ = {isa = PBXFileReference; fileEncoding = 4; lastKnownFileType = sourcecode.c.objc; path = HPImageViewController.m; sourceTree = "<group>"; };
		87AA3CF3189C13E100FBEAAF /* HPImageViewController.xib */ = {isa = PBXFileReference; fileEncoding = 4; lastKnownFileType = file.xib; path = HPImageViewController.xib; sourceTree = "<group>"; };
		87AA3D06189F342800FBEAAF /* HPNote+List.h */ = {isa = PBXFileReference; fileEncoding = 4; lastKnownFileType = sourcecode.c.h; path = "HPNote+List.h"; sourceTree = "<group>"; };
		87AA3D07189F342800FBEAAF /* HPNote+List.m */ = {isa = PBXFileReference; fileEncoding = 4; lastKnownFileType = sourcecode.c.objc; path = "HPNote+List.m"; sourceTree = "<group>"; };
		87AA3D0C189FA74B00FBEAAF /* HPAttachment+Template.h */ = {isa = PBXFileReference; fileEncoding = 4; lastKnownFileType = sourcecode.c.h; path = "HPAttachment+Template.h"; sourceTree = "<group>"; };
		87AA3D0D189FA74B00FBEAAF /* HPAttachment+Template.m */ = {isa = PBXFileReference; fileEncoding = 4; lastKnownFileType = sourcecode.c.objc; path = "HPAttachment+Template.m"; sourceTree = "<group>"; };
		87AA3D0F189FF79B00FBEAAF /* HPNote+Detail.h */ = {isa = PBXFileReference; fileEncoding = 4; lastKnownFileType = sourcecode.c.h; path = "HPNote+Detail.h"; sourceTree = "<group>"; };
		87AA3D10189FF79B00FBEAAF /* HPNote+Detail.m */ = {isa = PBXFileReference; fileEncoding = 4; lastKnownFileType = sourcecode.c.objc; path = "HPNote+Detail.m"; sourceTree = "<group>"; };
		87AA3D1218A0026400FBEAAF /* HPAttachmentManager.h */ = {isa = PBXFileReference; fileEncoding = 4; lastKnownFileType = sourcecode.c.h; path = HPAttachmentManager.h; sourceTree = "<group>"; };
		87AA3D1318A0026400FBEAAF /* HPAttachmentManager.m */ = {isa = PBXFileReference; fileEncoding = 4; lastKnownFileType = sourcecode.c.objc; path = HPAttachmentManager.m; sourceTree = "<group>"; };
		87AA3D1518A0E22800FBEAAF /* HPNoFirstResponderActionSheet.h */ = {isa = PBXFileReference; fileEncoding = 4; lastKnownFileType = sourcecode.c.h; path = HPNoFirstResponderActionSheet.h; sourceTree = "<group>"; };
		87AA3D1618A0E22800FBEAAF /* HPNoFirstResponderActionSheet.m */ = {isa = PBXFileReference; fileEncoding = 4; lastKnownFileType = sourcecode.c.objc; path = HPNoFirstResponderActionSheet.m; sourceTree = "<group>"; };
		87AD2F82188E900B0065EEBA /* HPNoteListTableViewCell.xib */ = {isa = PBXFileReference; fileEncoding = 4; lastKnownFileType = file.xib; path = HPNoteListTableViewCell.xib; sourceTree = "<group>"; };
		87CAF3AA18B7673E004380BB /* NSNotification+hp_status.h */ = {isa = PBXFileReference; fileEncoding = 4; lastKnownFileType = sourcecode.c.h; path = "NSNotification+hp_status.h"; sourceTree = "<group>"; };
		87CAF3AB18B7673E004380BB /* NSNotification+hp_status.m */ = {isa = PBXFileReference; fileEncoding = 4; lastKnownFileType = sourcecode.c.objc; path = "NSNotification+hp_status.m"; sourceTree = "<group>"; };
		87CAF3B218B78141004380BB /* HPModelContextImporter.h */ = {isa = PBXFileReference; fileEncoding = 4; lastKnownFileType = sourcecode.c.h; path = HPModelContextImporter.h; sourceTree = "<group>"; };
		87CAF3B318B78141004380BB /* HPModelContextImporter.m */ = {isa = PBXFileReference; fileEncoding = 4; lastKnownFileType = sourcecode.c.objc; path = HPModelContextImporter.m; sourceTree = "<group>"; };
		87CAF3B518B79DF0004380BB /* CVRAlertView.h */ = {isa = PBXFileReference; fileEncoding = 4; lastKnownFileType = sourcecode.c.h; path = CVRAlertView.h; sourceTree = "<group>"; };
		87CAF3B618B79DF0004380BB /* CVRAlertView.m */ = {isa = PBXFileReference; fileEncoding = 4; lastKnownFileType = sourcecode.c.objc; path = CVRAlertView.m; sourceTree = "<group>"; };
		87D02E17188ECBA600273DEC /* HPNoteExporter.h */ = {isa = PBXFileReference; fileEncoding = 4; lastKnownFileType = sourcecode.c.h; path = HPNoteExporter.h; sourceTree = "<group>"; };
		87D02E18188ECBA600273DEC /* HPNoteExporter.m */ = {isa = PBXFileReference; fileEncoding = 4; lastKnownFileType = sourcecode.c.objc; path = HPNoteExporter.m; sourceTree = "<group>"; };
		87DA062618A27A6E00762E12 /* Agnes.entitlements */ = {isa = PBXFileReference; lastKnownFileType = text.xml; path = Agnes.entitlements; sourceTree = "<group>"; };
		87DA062718A27ADC00762E12 /* HPModelManager.h */ = {isa = PBXFileReference; fileEncoding = 4; lastKnownFileType = sourcecode.c.h; path = HPModelManager.h; sourceTree = "<group>"; };
		87DA062818A27ADC00762E12 /* HPModelManager.m */ = {isa = PBXFileReference; fileEncoding = 4; lastKnownFileType = sourcecode.c.objc; path = HPModelManager.m; sourceTree = "<group>"; };
		87E37E3C188B57C0000333EA /* HPPreferencesManager.h */ = {isa = PBXFileReference; fileEncoding = 4; lastKnownFileType = sourcecode.c.h; path = HPPreferencesManager.h; sourceTree = "<group>"; };
		87E37E3D188B57C0000333EA /* HPPreferencesManager.m */ = {isa = PBXFileReference; fileEncoding = 4; lastKnownFileType = sourcecode.c.objc; path = HPPreferencesManager.m; sourceTree = "<group>"; };
		87E37E3F188B6158000333EA /* HPNoteAction.h */ = {isa = PBXFileReference; fileEncoding = 4; lastKnownFileType = sourcecode.c.h; path = HPNoteAction.h; sourceTree = "<group>"; };
		87E37E40188B6158000333EA /* HPNoteAction.m */ = {isa = PBXFileReference; fileEncoding = 4; lastKnownFileType = sourcecode.c.objc; path = HPNoteAction.m; sourceTree = "<group>"; };
		87E37E87188BDFA6000333EA /* Agnes.xcdatamodel */ = {isa = PBXFileReference; lastKnownFileType = wrapper.xcdatamodel; path = Agnes.xcdatamodel; sourceTree = "<group>"; };
		87E37EE3188BEF81000333EA /* CoreData.framework */ = {isa = PBXFileReference; lastKnownFileType = wrapper.framework; name = CoreData.framework; path = System/Library/Frameworks/CoreData.framework; sourceTree = SDKROOT; };
		87E37EE5188C413C000333EA /* HPNote.h */ = {isa = PBXFileReference; fileEncoding = 4; lastKnownFileType = sourcecode.c.h; path = HPNote.h; sourceTree = "<group>"; };
		87E37EE6188C413C000333EA /* HPNote.m */ = {isa = PBXFileReference; fileEncoding = 4; lastKnownFileType = sourcecode.c.objc; path = HPNote.m; sourceTree = "<group>"; };
		87E37EE8188C413D000333EA /* HPTag.h */ = {isa = PBXFileReference; fileEncoding = 4; lastKnownFileType = sourcecode.c.h; path = HPTag.h; sourceTree = "<group>"; };
		87E37EE9188C413D000333EA /* HPTag.m */ = {isa = PBXFileReference; fileEncoding = 4; lastKnownFileType = sourcecode.c.objc; path = HPTag.m; sourceTree = "<group>"; };
		87E37EEC188CA0D0000333EA /* HPEntityManager.h */ = {isa = PBXFileReference; fileEncoding = 4; lastKnownFileType = sourcecode.c.h; path = HPEntityManager.h; sourceTree = "<group>"; };
		87E37EED188CA0D0000333EA /* HPEntityManager.m */ = {isa = PBXFileReference; fileEncoding = 4; lastKnownFileType = sourcecode.c.objc; path = HPEntityManager.m; sourceTree = "<group>"; };
		87E37EEF188CA5F5000333EA /* HPTagManager.h */ = {isa = PBXFileReference; fileEncoding = 4; lastKnownFileType = sourcecode.c.h; path = HPTagManager.h; sourceTree = "<group>"; };
		87E37EF0188CA5F5000333EA /* HPTagManager.m */ = {isa = PBXFileReference; fileEncoding = 4; lastKnownFileType = sourcecode.c.objc; path = HPTagManager.m; sourceTree = "<group>"; };
		87E37EF2188CB169000333EA /* HPRootViewController.h */ = {isa = PBXFileReference; fileEncoding = 4; lastKnownFileType = sourcecode.c.h; path = HPRootViewController.h; sourceTree = "<group>"; };
		87E37EF3188CB169000333EA /* HPRootViewController.m */ = {isa = PBXFileReference; fileEncoding = 4; lastKnownFileType = sourcecode.c.objc; path = HPRootViewController.m; sourceTree = "<group>"; };
		87E37EF5188D9166000333EA /* MessageUI.framework */ = {isa = PBXFileReference; lastKnownFileType = wrapper.framework; name = MessageUI.framework; path = System/Library/Frameworks/MessageUI.framework; sourceTree = SDKROOT; };
		87E37EF7188D97F3000333EA /* HPBrowserViewController.h */ = {isa = PBXFileReference; fileEncoding = 4; lastKnownFileType = sourcecode.c.h; path = HPBrowserViewController.h; sourceTree = "<group>"; };
		87E37EF8188D97F3000333EA /* HPBrowserViewController.m */ = {isa = PBXFileReference; fileEncoding = 4; lastKnownFileType = sourcecode.c.objc; path = HPBrowserViewController.m; sourceTree = "<group>"; };
		87E37EF9188D97F3000333EA /* HPBrowserViewController.xib */ = {isa = PBXFileReference; fileEncoding = 4; lastKnownFileType = file.xib; path = HPBrowserViewController.xib; sourceTree = "<group>"; };
		87E37EFC188DA9B1000333EA /* AddressBook.framework */ = {isa = PBXFileReference; lastKnownFileType = wrapper.framework; name = AddressBook.framework; path = System/Library/Frameworks/AddressBook.framework; sourceTree = SDKROOT; };
		87E37EFE188DA9B5000333EA /* AddressBookUI.framework */ = {isa = PBXFileReference; lastKnownFileType = wrapper.framework; name = AddressBookUI.framework; path = System/Library/Frameworks/AddressBookUI.framework; sourceTree = SDKROOT; };
		87E37F00188DB2E7000333EA /* HPDataActionViewController.h */ = {isa = PBXFileReference; fileEncoding = 4; lastKnownFileType = sourcecode.c.h; path = HPDataActionViewController.h; sourceTree = "<group>"; };
		87E37F01188DB2E7000333EA /* HPDataActionViewController.m */ = {isa = PBXFileReference; fileEncoding = 4; lastKnownFileType = sourcecode.c.objc; path = HPDataActionViewController.m; sourceTree = "<group>"; };
		87E37F05188E4CD4000333EA /* HPKeyboardButton.h */ = {isa = PBXFileReference; fileEncoding = 4; lastKnownFileType = sourcecode.c.h; path = HPKeyboardButton.h; sourceTree = "<group>"; };
		87E37F06188E4CD4000333EA /* HPKeyboardButton.m */ = {isa = PBXFileReference; fileEncoding = 4; lastKnownFileType = sourcecode.c.objc; path = HPKeyboardButton.m; sourceTree = "<group>"; };
		87F47BAF18ACE5E600F1FB48 /* sample-thumbnail@2x.jpg */ = {isa = PBXFileReference; lastKnownFileType = image.jpeg; path = "sample-thumbnail@2x.jpg"; sourceTree = "<group>"; };
		87F47BB018ACE5E600F1FB48 /* sample-thumbnail.jpg */ = {isa = PBXFileReference; lastKnownFileType = image.jpeg; path = "sample-thumbnail.jpg"; sourceTree = "<group>"; };
		87FD524518BA50340069FB16 /* AGNPreference.h */ = {isa = PBXFileReference; fileEncoding = 4; lastKnownFileType = sourcecode.c.h; path = AGNPreference.h; sourceTree = "<group>"; };
		87FD524618BA50340069FB16 /* AGNPreference.m */ = {isa = PBXFileReference; fileEncoding = 4; lastKnownFileType = sourcecode.c.objc; path = AGNPreference.m; sourceTree = "<group>"; };
		87FD524818BA50550069FB16 /* AGNPreferenceManager.h */ = {isa = PBXFileReference; fileEncoding = 4; lastKnownFileType = sourcecode.c.h; path = AGNPreferenceManager.h; sourceTree = "<group>"; };
		87FD524918BA50550069FB16 /* AGNPreferenceManager.m */ = {isa = PBXFileReference; fileEncoding = 4; lastKnownFileType = sourcecode.c.objc; path = AGNPreferenceManager.m; sourceTree = "<group>"; };
		9553C6822D1E4B5082F74644 /* libPods.a */ = {isa = PBXFileReference; explicitFileType = archive.ar; includeInIndex = 0; path = libPods.a; sourceTree = BUILT_PRODUCTS_DIR; };
/* End PBXFileReference section */

/* Begin PBXFrameworksBuildPhase section */
		8763DA2418883ACF000D9569 /* Frameworks */ = {
			isa = PBXFrameworksBuildPhase;
			buildActionMask = 2147483647;
			files = (
				87A6907418B4CCF600F97E13 /* AdSupport.framework in Frameworks */,
				8758A29718D7805400CA69E9 /* Crashlytics.framework in Frameworks */,
				87A6907218B4CCAE00F97E13 /* SystemConfiguration.framework in Frameworks */,
				871CD005189AB9EA00E39CFA /* MobileCoreServices.framework in Frameworks */,
				872C19B118987BC80013C9A5 /* libz.dylib in Frameworks */,
				872C19AD18987B970013C9A5 /* libTestFlight.a in Frameworks */,
				87E37EFF188DA9B5000333EA /* AddressBookUI.framework in Frameworks */,
				87E37EFD188DA9B1000333EA /* AddressBook.framework in Frameworks */,
				87E37EF6188D9166000333EA /* MessageUI.framework in Frameworks */,
				87E37EE4188BEF81000333EA /* CoreData.framework in Frameworks */,
				8763DA2D18883ACF000D9569 /* CoreGraphics.framework in Frameworks */,
				8763DA2F18883ACF000D9569 /* UIKit.framework in Frameworks */,
				8763DA2B18883ACF000D9569 /* Foundation.framework in Frameworks */,
				3980E9A5F51A4472B7514BF4 /* libPods.a in Frameworks */,
				87A6906D18B4CA2700F97E13 /* libGoogleAnalyticsServices.a in Frameworks */,
			);
			runOnlyForDeploymentPostprocessing = 0;
		};
		8763DA3F18883ACF000D9569 /* Frameworks */ = {
			isa = PBXFrameworksBuildPhase;
			buildActionMask = 2147483647;
			files = (
				8763DA4418883ACF000D9569 /* XCTest.framework in Frameworks */,
				8763DA4618883ACF000D9569 /* UIKit.framework in Frameworks */,
				8763DA4518883ACF000D9569 /* Foundation.framework in Frameworks */,
			);
			runOnlyForDeploymentPostprocessing = 0;
		};
/* End PBXFrameworksBuildPhase section */

/* Begin PBXGroup section */
		872C19A618987B970013C9A5 /* TestFlightSDK2.1.4 */ = {
			isa = PBXGroup;
			children = (
				872C19A718987B970013C9A5 /* libTestFlight.a */,
				872C19AA18987B970013C9A5 /* TestFlight+AsyncLogging.h */,
				872C19AB18987B970013C9A5 /* TestFlight+ManualSessions.h */,
				872C19AC18987B970013C9A5 /* TestFlight.h */,
			);
			name = TestFlightSDK2.1.4;
			path = TestFlightSDK3.0.0;
			sourceTree = "<group>";
		};
		87393C5418A55F27006AB087 /* UIKit */ = {
			isa = PBXGroup;
			children = (
				873E092018EBABE4007E9675 /* Data Source */,
				87CAF3B518B79DF0004380BB /* CVRAlertView.h */,
				87CAF3B618B79DF0004380BB /* CVRAlertView.m */,
				87E37EF7188D97F3000333EA /* HPBrowserViewController.h */,
				87E37EF8188D97F3000333EA /* HPBrowserViewController.m */,
				87E37EF9188D97F3000333EA /* HPBrowserViewController.xib */,
				87AA3CF1189C13E100FBEAAF /* HPImageViewController.h */,
				87AA3CF2189C13E100FBEAAF /* HPImageViewController.m */,
				87AA3CF3189C13E100FBEAAF /* HPImageViewController.xib */,
				87AA3CF0189C13E100FBEAAF /* HPImageZoomAnimationController.h */,
				87AA3CEF189C13E100FBEAAF /* HPImageZoomAnimationController.m */,
				87E37F05188E4CD4000333EA /* HPKeyboardButton.h */,
				87E37F06188E4CD4000333EA /* HPKeyboardButton.m */,
				87AA3D1518A0E22800FBEAAF /* HPNoFirstResponderActionSheet.h */,
				87AA3D1618A0E22800FBEAAF /* HPNoFirstResponderActionSheet.m */,
				874F1AA418BC95B2006C1323 /* HPTextInteractionTapGestureRecognizer.h */,
				874F1AA518BC95B2006C1323 /* HPTextInteractionTapGestureRecognizer.m */,
				871CD00E189B4A4C00E39CFA /* UIColor+hp_utils.h */,
				871CD00F189B4A4C00E39CFA /* UIColor+hp_utils.m */,
				871CD006189ABD5300E39CFA /* UIImage+hp_utils.h */,
				871CD007189ABD5300E39CFA /* UIImage+hp_utils.m */,
				874F1AA118BC32BE006C1323 /* UILabel+hp_utils.h */,
				874F1AA218BC32BE006C1323 /* UILabel+hp_utils.m */,
				873E9CCD189174F8003364E7 /* UITableView+hp_reloadChanges.h */,
				873E9CCE189174F8003364E7 /* UITableView+hp_reloadChanges.m */,
				87393C5118A55F0D006AB087 /* UITextView+hp_utils.h */,
				87393C5218A55F0D006AB087 /* UITextView+hp_utils.m */,
				873E228318AA447700E7919C /* UIView+hp_utils.h */,
				873E228418AA447700E7919C /* UIView+hp_utils.m */,
			);
			name = UIKit;
			sourceTree = "<group>";
		};
		873E092018EBABE4007E9675 /* Data Source */ = {
			isa = PBXGroup;
			children = (
				873E091A18EB85CA007E9675 /* HPArrayDataSource.h */,
				873E091B18EB85CA007E9675 /* HPArrayDataSource.m */,
				873E092118EBAC13007E9675 /* HPDataSource.h */,
				873E091D18EBABDA007E9675 /* HPSectionArrayDataSource.h */,
				873E091E18EBABDA007E9675 /* HPSectionArrayDataSource.m */,
			);
			name = "Data Source";
			sourceTree = "<group>";
		};
		8740FAE0188A8B79004CF099 /* Index */ = {
			isa = PBXGroup;
			children = (
				8740FAE3188A8C3F004CF099 /* HPIndexItem.h */,
				8740FAE4188A8C3F004CF099 /* HPIndexItem.m */,
				871429A51892E84400DA588F /* HPIndexItemTableViewCell.h */,
				871429A61892E84400DA588F /* HPIndexItemTableViewCell.m */,
				871429A81892E87A00DA588F /* HPIndexItemTableViewCell.xib */,
				8740FADB188A8B69004CF099 /* HPIndexViewController.h */,
				8740FADC188A8B69004CF099 /* HPIndexViewController.m */,
				8740FADD188A8B69004CF099 /* HPIndexViewController.xib */,
			);
			name = Index;
			sourceTree = "<group>";
		};
		8740FAE1188A8B87004CF099 /* List */ = {
			isa = PBXGroup;
			children = (
				873E091718EB829A007E9675 /* AGNListDataSource.h */,
				873E091818EB829A007E9675 /* AGNListDataSource.m */,
				873E092418EBAECA007E9675 /* AGNSearchDataSource.h */,
				873E092518EBAECA007E9675 /* AGNSearchDataSource.m */,
				87AA3D06189F342800FBEAAF /* HPNote+List.h */,
				87AA3D07189F342800FBEAAF /* HPNote+List.m */,
				872C19B7189896B90013C9A5 /* HPNoteListSearchBar.h */,
				872C19B8189896B90013C9A5 /* HPNoteListSearchBar.m */,
				8763DA6C18897982000D9569 /* HPNoteListTableViewCell.h */,
				8763DA6D18897982000D9569 /* HPNoteListTableViewCell.m */,
				87AD2F82188E900B0065EEBA /* HPNoteListTableViewCell.xib */,
				8763DA5918883B2B000D9569 /* HPNoteListViewController.h */,
				8763DA5A18883B2B000D9569 /* HPNoteListViewController.m */,
				8763DA5C18883B6D000D9569 /* HPNoteListViewController.xib */,
				871429F418955CF900DA588F /* HPNoteNavigationController.h */,
				871429F518955CF900DA588F /* HPNoteNavigationController.m */,
				8740FAD81889B3F4004CF099 /* HPNoteSearchTableViewCell.h */,
				8740FAD91889B3F4004CF099 /* HPNoteSearchTableViewCell.m */,
				871CD009189B098200E39CFA /* HPNoteSearchTableViewCell.xib */,
				8740FAE6188AA7DB004CF099 /* HPNoteTableViewCell.h */,
				8740FAE7188AA7DB004CF099 /* HPNoteTableViewCell.m */,
			);
			name = List;
			sourceTree = "<group>";
		};
		8740FAE2188A8BA2004CF099 /* Note Detail */ = {
			isa = PBXGroup;
			children = (
				871F7C3F18D8A55400E6CA07 /* AGNTagTapGestureRecognizer.h */,
				871F7C4018D8A55400E6CA07 /* AGNTagTapGestureRecognizer.m */,
				8763DA69188942F6000D9569 /* HPBaseTextStorage.h */,
				8763DA6A188942F6000D9569 /* HPBaseTextStorage.m */,
				87E37F00188DB2E7000333EA /* HPDataActionViewController.h */,
				87E37F01188DB2E7000333EA /* HPDataActionViewController.m */,
				87AA3D0F189FF79B00FBEAAF /* HPNote+Detail.h */,
				87AA3D10189FF79B00FBEAAF /* HPNote+Detail.m */,
				87E37E3F188B6158000333EA /* HPNoteAction.h */,
				87E37E40188B6158000333EA /* HPNoteAction.m */,
				871429AA18933D6600DA588F /* HPNoteActivityItemSource.h */,
				871429AB18933D6600DA588F /* HPNoteActivityItemSource.m */,
				8763DA6418884650000D9569 /* HPNoteViewController.h */,
				8763DA6518884650000D9569 /* HPNoteViewController.m */,
				8763DA6618884650000D9569 /* HPNoteViewController.xib */,
				8740FAEF188B2AC5004CF099 /* HPTagSuggestionsView.h */,
				8740FAF0188B2AC5004CF099 /* HPTagSuggestionsView.m */,
			);
			name = "Note Detail";
			sourceTree = "<group>";
		};
		8740FAF2188B39FC004CF099 /* External */ = {
			isa = PBXGroup;
			children = (
				87A6905C18B4CA2700F97E13 /* GoogleAnalyticsServicesiOS_3.03a */,
				872C19A618987B970013C9A5 /* TestFlightSDK2.1.4 */,
				8740FAF3188B3A5A004CF099 /* NDTrie.h */,
				8740FAF4188B3A5A004CF099 /* NDTrie.m */,
			);
			name = External;
			sourceTree = "<group>";
		};
		8763DA1E18883ACF000D9569 = {
			isa = PBXGroup;
			children = (
				8763DA3018883ACF000D9569 /* Agnes */,
				8763DA4918883ACF000D9569 /* AgnesTests */,
				8763DA2918883ACF000D9569 /* Frameworks */,
				8763DA2818883ACF000D9569 /* Products */,
				09E94F643D944B4DAEA256D1 /* Pods.xcconfig */,
			);
			sourceTree = "<group>";
		};
		8763DA2818883ACF000D9569 /* Products */ = {
			isa = PBXGroup;
			children = (
				8763DA2718883ACF000D9569 /* Agnes.app */,
				8763DA4218883ACF000D9569 /* AgnesTests.xctest */,
			);
			name = Products;
			sourceTree = "<group>";
		};
		8763DA2918883ACF000D9569 /* Frameworks */ = {
			isa = PBXGroup;
			children = (
				8758A29618D7805400CA69E9 /* Crashlytics.framework */,
				87A6907318B4CCF600F97E13 /* AdSupport.framework */,
				87A6907118B4CCAE00F97E13 /* SystemConfiguration.framework */,
				871CD004189AB9EA00E39CFA /* MobileCoreServices.framework */,
				872C19B018987BC80013C9A5 /* libz.dylib */,
				87E37EFE188DA9B5000333EA /* AddressBookUI.framework */,
				87E37EFC188DA9B1000333EA /* AddressBook.framework */,
				87E37EF5188D9166000333EA /* MessageUI.framework */,
				87E37EE3188BEF81000333EA /* CoreData.framework */,
				8763DA2A18883ACF000D9569 /* Foundation.framework */,
				8763DA2C18883ACF000D9569 /* CoreGraphics.framework */,
				8763DA2E18883ACF000D9569 /* UIKit.framework */,
				8763DA4318883ACF000D9569 /* XCTest.framework */,
				9553C6822D1E4B5082F74644 /* libPods.a */,
			);
			name = Frameworks;
			sourceTree = "<group>";
		};
		8763DA3018883ACF000D9569 /* Agnes */ = {
			isa = PBXGroup;
			children = (
				87F47BB318ACE5EA00F1FB48 /* Sample */,
				87DA062618A27A6E00762E12 /* Agnes.entitlements */,
				87E37E86188BDFA6000333EA /* Agnes.xcdatamodeld */,
				8740FAF2188B39FC004CF099 /* External */,
				8763DA3918883ACF000D9569 /* HPAppDelegate.h */,
				8763DA3A18883ACF000D9569 /* HPAppDelegate.m */,
				8763DA3C18883ACF000D9569 /* Images.xcassets */,
				87D02E16188ECB8600273DEC /* Logic */,
				87E37E89188BE369000333EA /* Model */,
				8763DA3118883ACF000D9569 /* Supporting Files */,
				87D02E1A188EE7DC00273DEC /* UI */,
				87E37EEB188CA099000333EA /* Utils */,
			);
			path = Agnes;
			sourceTree = "<group>";
		};
		8763DA3118883ACF000D9569 /* Supporting Files */ = {
			isa = PBXGroup;
			children = (
				8763DA3218883ACF000D9569 /* Agnes-Info.plist */,
				8763DA3318883ACF000D9569 /* InfoPlist.strings */,
				8763DA3618883ACF000D9569 /* main.m */,
				8763DA3818883ACF000D9569 /* Agnes-Prefix.pch */,
				8740FAE9188ACEF9004CF099 /* Localizable.strings */,
				872C19A318986F6C0013C9A5 /* Localizable.stringsdict */,
				87A6905918B4C59400F97E13 /* hashtags.plist */,
			);
			name = "Supporting Files";
			sourceTree = "<group>";
		};
		8763DA4918883ACF000D9569 /* AgnesTests */ = {
			isa = PBXGroup;
			children = (
				8763DA4F18883ACF000D9569 /* AgnesTests.m */,
				8763DA4A18883ACF000D9569 /* Supporting Files */,
			);
			path = AgnesTests;
			sourceTree = "<group>";
		};
		8763DA4A18883ACF000D9569 /* Supporting Files */ = {
			isa = PBXGroup;
			children = (
				8763DA4B18883ACF000D9569 /* AgnesTests-Info.plist */,
				8763DA4C18883ACF000D9569 /* InfoPlist.strings */,
			);
			name = "Supporting Files";
			sourceTree = "<group>";
		};
		87A6905C18B4CA2700F97E13 /* GoogleAnalyticsServicesiOS_3.03a */ = {
			isa = PBXGroup;
			children = (
				87A6905D18B4CA2700F97E13 /* GoogleAnalytics */,
				87A6906C18B4CA2700F97E13 /* libGoogleAnalyticsServices.a */,
			);
			path = GoogleAnalyticsServicesiOS_3.03a;
			sourceTree = "<group>";
		};
		87A6905D18B4CA2700F97E13 /* GoogleAnalytics */ = {
			isa = PBXGroup;
			children = (
				87A6905E18B4CA2700F97E13 /* Library */,
			);
			path = GoogleAnalytics;
			sourceTree = "<group>";
		};
		87A6905E18B4CA2700F97E13 /* Library */ = {
			isa = PBXGroup;
			children = (
				87A6905F18B4CA2700F97E13 /* GAI.h */,
				87A6906018B4CA2700F97E13 /* GAIDictionaryBuilder.h */,
				87A6906118B4CA2700F97E13 /* GAIFields.h */,
				87A6906218B4CA2700F97E13 /* GAILogger.h */,
				87A6906318B4CA2700F97E13 /* GAITrackedViewController.h */,
				87A6906418B4CA2700F97E13 /* GAITracker.h */,
			);
			path = Library;
			sourceTree = "<group>";
		};
		87A6907818B4F8A200F97E13 /* Navigation */ = {
			isa = PBXGroup;
			children = (
				87142A041897CDA300DA588F /* HPAgnesNavigationController.h */,
				87142A051897CDA300DA588F /* HPAgnesNavigationController.m */,
				87A6907518B4EAF900F97E13 /* HPNavigationBarToggleTitleView.h */,
				87A6907618B4EAF900F97E13 /* HPNavigationBarToggleTitleView.m */,
			);
			name = Navigation;
			sourceTree = "<group>";
		};
		87CAF3AD18B770D8004380BB /* Foundation */ = {
			isa = PBXGroup;
			children = (
				87CAF3AA18B7673E004380BB /* NSNotification+hp_status.h */,
				87CAF3AB18B7673E004380BB /* NSNotification+hp_status.m */,
				871429F718965BD600DA588F /* NSString+hp_utils.h */,
				871429F818965BD600DA588F /* NSString+hp_utils.m */,
			);
			name = Foundation;
			sourceTree = "<group>";
		};
		87CAF3AE18B77116004380BB /* Core Data */ = {
			isa = PBXGroup;
			children = (
				87E37EEC188CA0D0000333EA /* HPEntityManager.h */,
				87E37EED188CA0D0000333EA /* HPEntityManager.m */,
			);
			name = "Core Data";
			sourceTree = "<group>";
		};
		87D02E16188ECB8600273DEC /* Logic */ = {
			isa = PBXGroup;
			children = (
				870B5AEF18903BE4009A11AB /* HPFontManager.h */,
				870B5AF018903BE4009A11AB /* HPFontManager.m */,
				87D02E17188ECBA600273DEC /* HPNoteExporter.h */,
				87D02E18188ECBA600273DEC /* HPNoteExporter.m */,
				87E37E3C188B57C0000333EA /* HPPreferencesManager.h */,
				87E37E3D188B57C0000333EA /* HPPreferencesManager.m */,
				871429FE1896CFC900DA588F /* HPNoteImporter.h */,
				871429FF1896CFC900DA588F /* HPNoteImporter.m */,
				87AA3D0C189FA74B00FBEAAF /* HPAttachment+Template.h */,
				87AA3D0D189FA74B00FBEAAF /* HPAttachment+Template.m */,
			);
			name = Logic;
			sourceTree = "<group>";
		};
		87D02E1A188EE7DC00273DEC /* UI */ = {
			isa = PBXGroup;
			children = (
				873E228018A9AFB500E7919C /* HPAgnesImageCache.h */,
				873E228118A9AFB500E7919C /* HPAgnesImageCache.m */,
				8704D60518A109EB00C8977E /* HPAgnesUIMetrics.h */,
				8704D60618A109EB00C8977E /* HPAgnesUIMetrics.m */,
				8704D60818A19B0400C8977E /* HPAgnesViewController.h */,
				8704D60918A19B0400C8977E /* HPAgnesViewController.m */,
				870B5AEC18902B0B009A11AB /* HPNoteListDetailTransitionAnimator.h */,
				870B5AED18902B0B009A11AB /* HPNoteListDetailTransitionAnimator.m */,
				87E37EF2188CB169000333EA /* HPRootViewController.h */,
				87E37EF3188CB169000333EA /* HPRootViewController.m */,
				8740FAE0188A8B79004CF099 /* Index */,
				8740FAE1188A8B87004CF099 /* List */,
				87A6907818B4F8A200F97E13 /* Navigation */,
				8740FAE2188A8BA2004CF099 /* Note Detail */,
			);
			name = UI;
			sourceTree = "<group>";
		};
		87E37E89188BE369000333EA /* Model */ = {
			isa = PBXGroup;
			children = (
				87FD524518BA50340069FB16 /* AGNPreference.h */,
				87FD524618BA50340069FB16 /* AGNPreference.m */,
				871CCFFE189AB77800E39CFA /* HPAttachment.h */,
				871CCFFF189AB77800E39CFA /* HPAttachment.m */,
				87AA3D1218A0026400FBEAAF /* HPAttachmentManager.h */,
				87AA3D1318A0026400FBEAAF /* HPAttachmentManager.m */,
				871CD000189AB77800E39CFA /* HPData.h */,
				871CD001189AB77800E39CFA /* HPData.m */,
				87DA062718A27ADC00762E12 /* HPModelManager.h */,
				87DA062818A27ADC00762E12 /* HPModelManager.m */,
				87E37EE5188C413C000333EA /* HPNote.h */,
				87E37EE6188C413C000333EA /* HPNote.m */,
				8763DA611888420A000D9569 /* HPNoteManager.h */,
				8763DA621888420A000D9569 /* HPNoteManager.m */,
				87E37EE8188C413D000333EA /* HPTag.h */,
				87E37EE9188C413D000333EA /* HPTag.m */,
				87E37EEF188CA5F5000333EA /* HPTagManager.h */,
				87E37EF0188CA5F5000333EA /* HPTagManager.m */,
				87CAF3B218B78141004380BB /* HPModelContextImporter.h */,
				87CAF3B318B78141004380BB /* HPModelContextImporter.m */,
				87FD524818BA50550069FB16 /* AGNPreferenceManager.h */,
				87FD524918BA50550069FB16 /* AGNPreferenceManager.m */,
			);
			name = Model;
			sourceTree = "<group>";
		};
		87E37EEB188CA099000333EA /* Utils */ = {
			isa = PBXGroup;
			children = (
				87CAF3AE18B77116004380BB /* Core Data */,
				87CAF3AD18B770D8004380BB /* Foundation */,
				87A6906E18B4CA8600F97E13 /* HPTracker.h */,
				87A6906F18B4CA8600F97E13 /* HPTracker.m */,
				87393C5418A55F27006AB087 /* UIKit */,
			);
			name = Utils;
			sourceTree = "<group>";
		};
		87F47BB318ACE5EA00F1FB48 /* Sample */ = {
			isa = PBXGroup;
			children = (
				871CD011189B4EE200E39CFA /* sample.jpg */,
				871CD012189B4EE200E39CFA /* sample@2x.jpg */,
				87F47BAF18ACE5E600F1FB48 /* sample-thumbnail@2x.jpg */,
				87F47BB018ACE5E600F1FB48 /* sample-thumbnail.jpg */,
			);
			name = Sample;
			sourceTree = "<group>";
		};
/* End PBXGroup section */

/* Begin PBXNativeTarget section */
		8763DA2618883ACF000D9569 /* Agnes */ = {
			isa = PBXNativeTarget;
			buildConfigurationList = 8763DA5318883ACF000D9569 /* Build configuration list for PBXNativeTarget "Agnes" */;
			buildPhases = (
				1EAA84FAA717416BB707B8E8 /* Check Pods Manifest.lock */,
				8763DA2318883ACF000D9569 /* Sources */,
				8763DA2418883ACF000D9569 /* Frameworks */,
				8763DA2518883ACF000D9569 /* Resources */,
				0A920CE647924000998B3AB0 /* Copy Pods Resources */,
				8758A29518D7800D00CA69E9 /* ShellScript */,
			);
			buildRules = (
			);
			dependencies = (
			);
			name = Agnes;
			productName = Agnes;
			productReference = 8763DA2718883ACF000D9569 /* Agnes.app */;
			productType = "com.apple.product-type.application";
		};
		8763DA4118883ACF000D9569 /* AgnesTests */ = {
			isa = PBXNativeTarget;
			buildConfigurationList = 8763DA5618883ACF000D9569 /* Build configuration list for PBXNativeTarget "AgnesTests" */;
			buildPhases = (
				8763DA3E18883ACF000D9569 /* Sources */,
				8763DA3F18883ACF000D9569 /* Frameworks */,
				8763DA4018883ACF000D9569 /* Resources */,
			);
			buildRules = (
			);
			dependencies = (
				8763DA4818883ACF000D9569 /* PBXTargetDependency */,
			);
			name = AgnesTests;
			productName = AgnesTests;
			productReference = 8763DA4218883ACF000D9569 /* AgnesTests.xctest */;
			productType = "com.apple.product-type.bundle.unit-test";
		};
/* End PBXNativeTarget section */

/* Begin PBXProject section */
		8763DA1F18883ACF000D9569 /* Project object */ = {
			isa = PBXProject;
			attributes = {
				CLASSPREFIX = AGN;
				LastUpgradeCheck = 0510;
				ORGANIZATIONNAME = "Hermes Pique";
				TargetAttributes = {
					8763DA2618883ACF000D9569 = {
						DevelopmentTeam = 7WDCU7A2S4;
						SystemCapabilities = {
							com.apple.iCloud = {
								enabled = 1;
							};
						};
					};
					8763DA4118883ACF000D9569 = {
						TestTargetID = 8763DA2618883ACF000D9569;
					};
				};
			};
			buildConfigurationList = 8763DA2218883ACF000D9569 /* Build configuration list for PBXProject "Agnes" */;
			compatibilityVersion = "Xcode 3.2";
			developmentRegion = English;
			hasScannedForEncodings = 0;
			knownRegions = (
				en,
			);
			mainGroup = 8763DA1E18883ACF000D9569;
			productRefGroup = 8763DA2818883ACF000D9569 /* Products */;
			projectDirPath = "";
			projectRoot = "";
			targets = (
				8763DA2618883ACF000D9569 /* Agnes */,
				8763DA4118883ACF000D9569 /* AgnesTests */,
			);
		};
/* End PBXProject section */

/* Begin PBXResourcesBuildPhase section */
		8763DA2518883ACF000D9569 /* Resources */ = {
			isa = PBXResourcesBuildPhase;
			buildActionMask = 2147483647;
			files = (
				8740FAEB188ACEF9004CF099 /* Localizable.strings in Resources */,
				87AD2F83188E900B0065EEBA /* HPNoteListTableViewCell.xib in Resources */,
				87A6905B18B4C59400F97E13 /* hashtags.plist in Resources */,
				87E37EFB188D97F3000333EA /* HPBrowserViewController.xib in Resources */,
				871CD014189B4EE200E39CFA /* sample@2x.jpg in Resources */,
				8763DA3518883ACF000D9569 /* InfoPlist.strings in Resources */,
				8763DA5D18883B6D000D9569 /* HPNoteListViewController.xib in Resources */,
				87F47BB218ACE5E600F1FB48 /* sample-thumbnail.jpg in Resources */,
				871429A91892E87A00DA588F /* HPIndexItemTableViewCell.xib in Resources */,
				872C19A518986F6C0013C9A5 /* Localizable.stringsdict in Resources */,
				87AA3CF8189C13E100FBEAAF /* HPImageViewController.xib in Resources */,
				871CD013189B4EE200E39CFA /* sample.jpg in Resources */,
				8763DA6818884650000D9569 /* HPNoteViewController.xib in Resources */,
				87F47BB118ACE5E600F1FB48 /* sample-thumbnail@2x.jpg in Resources */,
				871CD00A189B098200E39CFA /* HPNoteSearchTableViewCell.xib in Resources */,
				8763DA3D18883ACF000D9569 /* Images.xcassets in Resources */,
				8740FADF188A8B69004CF099 /* HPIndexViewController.xib in Resources */,
			);
			runOnlyForDeploymentPostprocessing = 0;
		};
		8763DA4018883ACF000D9569 /* Resources */ = {
			isa = PBXResourcesBuildPhase;
			buildActionMask = 2147483647;
			files = (
				8763DA4E18883ACF000D9569 /* InfoPlist.strings in Resources */,
			);
			runOnlyForDeploymentPostprocessing = 0;
		};
/* End PBXResourcesBuildPhase section */

/* Begin PBXShellScriptBuildPhase section */
		0A920CE647924000998B3AB0 /* Copy Pods Resources */ = {
			isa = PBXShellScriptBuildPhase;
			buildActionMask = 2147483647;
			files = (
			);
			inputPaths = (
			);
			name = "Copy Pods Resources";
			outputPaths = (
			);
			runOnlyForDeploymentPostprocessing = 0;
			shellPath = /bin/sh;
			shellScript = "\"${SRCROOT}/Pods/Pods-resources.sh\"\n";
			showEnvVarsInLog = 0;
		};
		1EAA84FAA717416BB707B8E8 /* Check Pods Manifest.lock */ = {
			isa = PBXShellScriptBuildPhase;
			buildActionMask = 2147483647;
			files = (
			);
			inputPaths = (
			);
			name = "Check Pods Manifest.lock";
			outputPaths = (
			);
			runOnlyForDeploymentPostprocessing = 0;
			shellPath = /bin/sh;
			shellScript = "diff \"${PODS_ROOT}/../Podfile.lock\" \"${PODS_ROOT}/Manifest.lock\" > /dev/null\nif [[ $? != 0 ]] ; then\n    cat << EOM\nerror: The sandbox is not in sync with the Podfile.lock. Run 'pod install' or update your CocoaPods installation.\nEOM\n    exit 1\nfi\n";
			showEnvVarsInLog = 0;
		};
		8758A29518D7800D00CA69E9 /* ShellScript */ = {
			isa = PBXShellScriptBuildPhase;
			buildActionMask = 2147483647;
			files = (
			);
			inputPaths = (
			);
			outputPaths = (
			);
			runOnlyForDeploymentPostprocessing = 0;
			shellPath = /bin/sh;
			shellScript = "./Crashlytics.framework/run 303898f46fabee8132e6fe426e5cd0045ca8cce2 a4472dc32cb63b73105293f6ce3d58240e14fe453b095c34bd45305eab8431b3";
		};
/* End PBXShellScriptBuildPhase section */

/* Begin PBXSourcesBuildPhase section */
		8763DA2318883ACF000D9569 /* Sources */ = {
			isa = PBXSourcesBuildPhase;
			buildActionMask = 2147483647;
			files = (
				87AA3D08189F342800FBEAAF /* HPNote+List.m in Sources */,
				87DA062918A27ADC00762E12 /* HPModelManager.m in Sources */,
				8763DA5B18883B2B000D9569 /* HPNoteListViewController.m in Sources */,
				8740FAF1188B2AC5004CF099 /* HPTagSuggestionsView.m in Sources */,
				8740FAE8188AA7DB004CF099 /* HPNoteTableViewCell.m in Sources */,
				871CD008189ABD5300E39CFA /* UIImage+hp_utils.m in Sources */,
				8740FAE5188A8C3F004CF099 /* HPIndexItem.m in Sources */,
				874F1AA618BC95B2006C1323 /* HPTextInteractionTapGestureRecognizer.m in Sources */,
				8763DA6E18897982000D9569 /* HPNoteListTableViewCell.m in Sources */,
				87E37E41188B6158000333EA /* HPNoteAction.m in Sources */,
				870B5AF118903BE4009A11AB /* HPFontManager.m in Sources */,
				871429F918965BD600DA588F /* NSString+hp_utils.m in Sources */,
				87142A061897CDA300DA588F /* HPAgnesNavigationController.m in Sources */,
				8740FADA1889B3F4004CF099 /* HPNoteSearchTableViewCell.m in Sources */,
				87E37EFA188D97F3000333EA /* HPBrowserViewController.m in Sources */,
				87E37EEA188C413D000333EA /* HPTag.m in Sources */,
				871429AC18933D6600DA588F /* HPNoteActivityItemSource.m in Sources */,
				8740FADE188A8B69004CF099 /* HPIndexViewController.m in Sources */,
				87393C5318A55F0D006AB087 /* UITextView+hp_utils.m in Sources */,
				87AA3CF6189C13E100FBEAAF /* HPImageZoomAnimationController.m in Sources */,
				87CAF3AC18B7673E004380BB /* NSNotification+hp_status.m in Sources */,
				87D02E19188ECBA600273DEC /* HPNoteExporter.m in Sources */,
				87FD524A18BA50550069FB16 /* AGNPreferenceManager.m in Sources */,
				874F1AA318BC32BE006C1323 /* UILabel+hp_utils.m in Sources */,
				873E228518AA447700E7919C /* UIView+hp_utils.m in Sources */,
				8763DA6B188942F6000D9569 /* HPBaseTextStorage.m in Sources */,
				871CD003189AB77800E39CFA /* HPData.m in Sources */,
				87E37E88188BDFA6000333EA /* Agnes.xcdatamodeld in Sources */,
				87FD524718BA50340069FB16 /* AGNPreference.m in Sources */,
				8740FAF5188B3A5A004CF099 /* NDTrie.m in Sources */,
				871CD010189B4A4C00E39CFA /* UIColor+hp_utils.m in Sources */,
				87CAF3B418B78141004380BB /* HPModelContextImporter.m in Sources */,
				871CD002189AB77800E39CFA /* HPAttachment.m in Sources */,
				87E37E3E188B57C0000333EA /* HPPreferencesManager.m in Sources */,
				87E37EF4188CB169000333EA /* HPRootViewController.m in Sources */,
				87AA3D1718A0E22800FBEAAF /* HPNoFirstResponderActionSheet.m in Sources */,
				8763DA6718884650000D9569 /* HPNoteViewController.m in Sources */,
				87A6907018B4CA8600F97E13 /* HPTracker.m in Sources */,
				87CAF3B718B79DF0004380BB /* CVRAlertView.m in Sources */,
				87AA3CF7189C13E100FBEAAF /* HPImageViewController.m in Sources */,
				873E091F18EBABDA007E9675 /* HPSectionArrayDataSource.m in Sources */,
				8763DA3B18883ACF000D9569 /* HPAppDelegate.m in Sources */,
				873E091918EB829A007E9675 /* AGNListDataSource.m in Sources */,
				87E37F03188DB2E7000333EA /* HPDataActionViewController.m in Sources */,
				8704D60718A109EB00C8977E /* HPAgnesUIMetrics.m in Sources */,
				871F7C4118D8A55400E6CA07 /* AGNTagTapGestureRecognizer.m in Sources */,
				873E228218A9AFB500E7919C /* HPAgnesImageCache.m in Sources */,
				87142A001896CFC900DA588F /* HPNoteImporter.m in Sources */,
				873E9CCF189174F8003364E7 /* UITableView+hp_reloadChanges.m in Sources */,
				873E091C18EB85CA007E9675 /* HPArrayDataSource.m in Sources */,
				87E37F07188E4CD4000333EA /* HPKeyboardButton.m in Sources */,
				87AA3D0E189FA74B00FBEAAF /* HPAttachment+Template.m in Sources */,
				872C19B9189896B90013C9A5 /* HPNoteListSearchBar.m in Sources */,
				87E37EEE188CA0D0000333EA /* HPEntityManager.m in Sources */,
				87AA3D11189FF79B00FBEAAF /* HPNote+Detail.m in Sources */,
				8704D60A18A19B0400C8977E /* HPAgnesViewController.m in Sources */,
				871429F618955CF900DA588F /* HPNoteNavigationController.m in Sources */,
				8763DA631888420A000D9569 /* HPNoteManager.m in Sources */,
				871429A71892E84400DA588F /* HPIndexItemTableViewCell.m in Sources */,
				87AA3D1418A0026400FBEAAF /* HPAttachmentManager.m in Sources */,
				8763DA3718883ACF000D9569 /* main.m in Sources */,
				873E092618EBAECA007E9675 /* AGNSearchDataSource.m in Sources */,
				870B5AEE18902B0B009A11AB /* HPNoteListDetailTransitionAnimator.m in Sources */,
				87E37EE7188C413C000333EA /* HPNote.m in Sources */,
				87A6907718B4EAF900F97E13 /* HPNavigationBarToggleTitleView.m in Sources */,
				87E37EF1188CA5F5000333EA /* HPTagManager.m in Sources */,
			);
			runOnlyForDeploymentPostprocessing = 0;
		};
		8763DA3E18883ACF000D9569 /* Sources */ = {
			isa = PBXSourcesBuildPhase;
			buildActionMask = 2147483647;
			files = (
				8763DA5018883ACF000D9569 /* AgnesTests.m in Sources */,
			);
			runOnlyForDeploymentPostprocessing = 0;
		};
/* End PBXSourcesBuildPhase section */

/* Begin PBXTargetDependency section */
		8763DA4818883ACF000D9569 /* PBXTargetDependency */ = {
			isa = PBXTargetDependency;
			target = 8763DA2618883ACF000D9569 /* Agnes */;
			targetProxy = 8763DA4718883ACF000D9569 /* PBXContainerItemProxy */;
		};
/* End PBXTargetDependency section */

/* Begin PBXVariantGroup section */
		872C19A318986F6C0013C9A5 /* Localizable.stringsdict */ = {
			isa = PBXVariantGroup;
			children = (
				872C19A418986F6C0013C9A5 /* en */,
			);
			name = Localizable.stringsdict;
			sourceTree = "<group>";
		};
		8740FAE9188ACEF9004CF099 /* Localizable.strings */ = {
			isa = PBXVariantGroup;
			children = (
				8740FAEA188ACEF9004CF099 /* en */,
			);
			name = Localizable.strings;
			sourceTree = "<group>";
		};
		8763DA3318883ACF000D9569 /* InfoPlist.strings */ = {
			isa = PBXVariantGroup;
			children = (
				8763DA3418883ACF000D9569 /* en */,
			);
			name = InfoPlist.strings;
			sourceTree = "<group>";
		};
		8763DA4C18883ACF000D9569 /* InfoPlist.strings */ = {
			isa = PBXVariantGroup;
			children = (
				8763DA4D18883ACF000D9569 /* en */,
			);
			name = InfoPlist.strings;
			sourceTree = "<group>";
		};
		87A6905918B4C59400F97E13 /* hashtags.plist */ = {
			isa = PBXVariantGroup;
			children = (
				87A6905A18B4C59400F97E13 /* en */,
			);
			name = hashtags.plist;
			sourceTree = "<group>";
		};
/* End PBXVariantGroup section */

/* Begin XCBuildConfiguration section */
		8763DA5118883ACF000D9569 /* Debug */ = {
			isa = XCBuildConfiguration;
			buildSettings = {
				ALWAYS_SEARCH_USER_PATHS = NO;
				CLANG_CXX_LANGUAGE_STANDARD = "gnu++0x";
				CLANG_CXX_LIBRARY = "libc++";
				CLANG_ENABLE_MODULES = YES;
				CLANG_ENABLE_OBJC_ARC = YES;
				CLANG_WARN_BOOL_CONVERSION = YES;
				CLANG_WARN_CONSTANT_CONVERSION = YES;
				CLANG_WARN_DIRECT_OBJC_ISA_USAGE = YES_ERROR;
				CLANG_WARN_EMPTY_BODY = YES;
				CLANG_WARN_ENUM_CONVERSION = YES;
				CLANG_WARN_INT_CONVERSION = YES;
				CLANG_WARN_OBJC_ROOT_CLASS = YES_ERROR;
				CLANG_WARN__DUPLICATE_METHOD_MATCH = YES;
				"CODE_SIGN_IDENTITY[sdk=iphoneos*]" = "iPhone Developer";
				COPY_PHASE_STRIP = NO;
				GCC_C_LANGUAGE_STANDARD = gnu99;
				GCC_DYNAMIC_NO_PIC = NO;
				GCC_OPTIMIZATION_LEVEL = 0;
				GCC_PREPROCESSOR_DEFINITIONS = (
					"DEBUG=1",
					"$(inherited)",
				);
				GCC_SYMBOLS_PRIVATE_EXTERN = NO;
				GCC_WARN_64_TO_32_BIT_CONVERSION = YES;
				GCC_WARN_ABOUT_RETURN_TYPE = YES_ERROR;
				GCC_WARN_UNDECLARED_SELECTOR = YES;
				GCC_WARN_UNINITIALIZED_AUTOS = YES;
				GCC_WARN_UNUSED_FUNCTION = YES;
				GCC_WARN_UNUSED_VARIABLE = YES;
				IPHONEOS_DEPLOYMENT_TARGET = 7.0;
				ONLY_ACTIVE_ARCH = YES;
				SDKROOT = iphoneos;
				TARGETED_DEVICE_FAMILY = "1,2";
			};
			name = Debug;
		};
		8763DA5218883ACF000D9569 /* Release */ = {
			isa = XCBuildConfiguration;
			buildSettings = {
				ALWAYS_SEARCH_USER_PATHS = NO;
				CLANG_CXX_LANGUAGE_STANDARD = "gnu++0x";
				CLANG_CXX_LIBRARY = "libc++";
				CLANG_ENABLE_MODULES = YES;
				CLANG_ENABLE_OBJC_ARC = YES;
				CLANG_WARN_BOOL_CONVERSION = YES;
				CLANG_WARN_CONSTANT_CONVERSION = YES;
				CLANG_WARN_DIRECT_OBJC_ISA_USAGE = YES_ERROR;
				CLANG_WARN_EMPTY_BODY = YES;
				CLANG_WARN_ENUM_CONVERSION = YES;
				CLANG_WARN_INT_CONVERSION = YES;
				CLANG_WARN_OBJC_ROOT_CLASS = YES_ERROR;
				CLANG_WARN__DUPLICATE_METHOD_MATCH = YES;
				"CODE_SIGN_IDENTITY[sdk=iphoneos*]" = "iPhone Developer";
				COPY_PHASE_STRIP = YES;
				ENABLE_NS_ASSERTIONS = NO;
				GCC_C_LANGUAGE_STANDARD = gnu99;
				GCC_WARN_64_TO_32_BIT_CONVERSION = YES;
				GCC_WARN_ABOUT_RETURN_TYPE = YES_ERROR;
				GCC_WARN_UNDECLARED_SELECTOR = YES;
				GCC_WARN_UNINITIALIZED_AUTOS = YES;
				GCC_WARN_UNUSED_FUNCTION = YES;
				GCC_WARN_UNUSED_VARIABLE = YES;
				IPHONEOS_DEPLOYMENT_TARGET = 7.0;
				SDKROOT = iphoneos;
				TARGETED_DEVICE_FAMILY = "1,2";
				VALIDATE_PRODUCT = YES;
			};
			name = Release;
		};
		8763DA5418883ACF000D9569 /* Debug */ = {
			isa = XCBuildConfiguration;
			baseConfigurationReference = 09E94F643D944B4DAEA256D1 /* Pods.xcconfig */;
			buildSettings = {
				ASSETCATALOG_COMPILER_APPICON_NAME = AppIcon;
				ASSETCATALOG_COMPILER_LAUNCHIMAGE_NAME = LaunchImage;
				CODE_SIGN_ENTITLEMENTS = Agnes/Agnes.entitlements;
				CODE_SIGN_IDENTITY = "iPhone Developer";
				"CODE_SIGN_IDENTITY[sdk=iphoneos*]" = "iPhone Developer";
				FRAMEWORK_SEARCH_PATHS = (
					"$(inherited)",
					"/Users/hpique/Downloads/Reveal.app/Contents/SharedSupport/iOS-Libraries",
					"$(PROJECT_DIR)",
				);
				GCC_PRECOMPILE_PREFIX_HEADER = YES;
				GCC_PREFIX_HEADER = "Agnes/Agnes-Prefix.pch";
				INFOPLIST_FILE = "Agnes/Agnes-Info.plist";
				LIBRARY_SEARCH_PATHS = (
					"$(inherited)",
					"/Users/hpique/workspace/agnes-ios/Agnes/TestFlightSDK3.0.0",
					"/Users/hpique/workspace/agnes-ios/Agnes/GoogleAnalyticsServicesiOS_3.03a",
				);
				PRODUCT_NAME = "$(TARGET_NAME)";
				PROVISIONING_PROFILE = "F7D02201-5ABC-466F-B0D8-59C4F8808027";
				TARGETED_DEVICE_FAMILY = 1;
				WRAPPER_EXTENSION = app;
			};
			name = Debug;
		};
		8763DA5518883ACF000D9569 /* Release */ = {
			isa = XCBuildConfiguration;
			baseConfigurationReference = 09E94F643D944B4DAEA256D1 /* Pods.xcconfig */;
			buildSettings = {
				ASSETCATALOG_COMPILER_APPICON_NAME = AppIcon;
				ASSETCATALOG_COMPILER_LAUNCHIMAGE_NAME = LaunchImage;
				CODE_SIGN_ENTITLEMENTS = Agnes/Agnes.entitlements;
				CODE_SIGN_IDENTITY = "iPhone Developer";
				"CODE_SIGN_IDENTITY[sdk=iphoneos*]" = "iPhone Developer";
				FRAMEWORK_SEARCH_PATHS = (
					"$(inherited)",
					"/Users/hpique/Downloads/Reveal.app/Contents/SharedSupport/iOS-Libraries",
					"$(PROJECT_DIR)",
				);
				GCC_PRECOMPILE_PREFIX_HEADER = YES;
				GCC_PREFIX_HEADER = "Agnes/Agnes-Prefix.pch";
				INFOPLIST_FILE = "Agnes/Agnes-Info.plist";
				LIBRARY_SEARCH_PATHS = (
					"$(inherited)",
					"/Users/hpique/workspace/agnes-ios/Agnes/TestFlightSDK3.0.0",
					"/Users/hpique/workspace/agnes-ios/Agnes/GoogleAnalyticsServicesiOS_3.03a",
				);
				PRODUCT_NAME = "$(TARGET_NAME)";
				PROVISIONING_PROFILE = "088EE63B-803A-4A07-9F82-1561C47FCA75";
				TARGETED_DEVICE_FAMILY = 1;
				WRAPPER_EXTENSION = app;
			};
			name = Release;
		};
		8763DA5718883ACF000D9569 /* Debug */ = {
			isa = XCBuildConfiguration;
			buildSettings = {
				BUNDLE_LOADER = "$(BUILT_PRODUCTS_DIR)/Agnes.app/Agnes";
				FRAMEWORK_SEARCH_PATHS = (
					"$(SDKROOT)/Developer/Library/Frameworks",
					"$(inherited)",
					"$(DEVELOPER_FRAMEWORKS_DIR)",
				);
				GCC_PRECOMPILE_PREFIX_HEADER = YES;
				GCC_PREFIX_HEADER = "Agnes/Agnes-Prefix.pch";
				GCC_PREPROCESSOR_DEFINITIONS = (
					"DEBUG=1",
					"$(inherited)",
				);
				INFOPLIST_FILE = "AgnesTests/AgnesTests-Info.plist";
				PRODUCT_NAME = "$(TARGET_NAME)";
				TEST_HOST = "$(BUNDLE_LOADER)";
				WRAPPER_EXTENSION = xctest;
			};
			name = Debug;
		};
		8763DA5818883ACF000D9569 /* Release */ = {
			isa = XCBuildConfiguration;
			buildSettings = {
				BUNDLE_LOADER = "$(BUILT_PRODUCTS_DIR)/Agnes.app/Agnes";
				FRAMEWORK_SEARCH_PATHS = (
					"$(SDKROOT)/Developer/Library/Frameworks",
					"$(inherited)",
					"$(DEVELOPER_FRAMEWORKS_DIR)",
				);
				GCC_PRECOMPILE_PREFIX_HEADER = YES;
				GCC_PREFIX_HEADER = "Agnes/Agnes-Prefix.pch";
				INFOPLIST_FILE = "AgnesTests/AgnesTests-Info.plist";
				PRODUCT_NAME = "$(TARGET_NAME)";
				TEST_HOST = "$(BUNDLE_LOADER)";
				WRAPPER_EXTENSION = xctest;
			};
			name = Release;
		};
/* End XCBuildConfiguration section */

/* Begin XCConfigurationList section */
		8763DA2218883ACF000D9569 /* Build configuration list for PBXProject "Agnes" */ = {
			isa = XCConfigurationList;
			buildConfigurations = (
				8763DA5118883ACF000D9569 /* Debug */,
				8763DA5218883ACF000D9569 /* Release */,
			);
			defaultConfigurationIsVisible = 0;
			defaultConfigurationName = Release;
		};
		8763DA5318883ACF000D9569 /* Build configuration list for PBXNativeTarget "Agnes" */ = {
			isa = XCConfigurationList;
			buildConfigurations = (
				8763DA5418883ACF000D9569 /* Debug */,
				8763DA5518883ACF000D9569 /* Release */,
			);
			defaultConfigurationIsVisible = 0;
			defaultConfigurationName = Release;
		};
		8763DA5618883ACF000D9569 /* Build configuration list for PBXNativeTarget "AgnesTests" */ = {
			isa = XCConfigurationList;
			buildConfigurations = (
				8763DA5718883ACF000D9569 /* Debug */,
				8763DA5818883ACF000D9569 /* Release */,
			);
			defaultConfigurationIsVisible = 0;
			defaultConfigurationName = Release;
		};
/* End XCConfigurationList section */

/* Begin XCVersionGroup section */
		87E37E86188BDFA6000333EA /* Agnes.xcdatamodeld */ = {
			isa = XCVersionGroup;
			children = (
				87E37E87188BDFA6000333EA /* Agnes.xcdatamodel */,
			);
			currentVersion = 87E37E87188BDFA6000333EA /* Agnes.xcdatamodel */;
			path = Agnes.xcdatamodeld;
			sourceTree = "<group>";
			versionGroupType = wrapper.xcdatamodel;
		};
/* End XCVersionGroup section */
	};
	rootObject = 8763DA1F18883ACF000D9569 /* Project object */;
}
