// !$*UTF8*$!
{
	archiveVersion = 1;
	classes = {
	};
	objectVersion = 46;
	objects = {

/* Begin PBXBuildFile section */
		3980E9A5F51A4472B7514BF4 /* libPods.a in Frameworks */ = {isa = PBXBuildFile; fileRef = 9553C6822D1E4B5082F74644 /* libPods.a */; };
		8740FADA1889B3F4004CF099 /* HPNoteSearchTableViewCell.m in Sources */ = {isa = PBXBuildFile; fileRef = 8740FAD91889B3F4004CF099 /* HPNoteSearchTableViewCell.m */; };
		8740FADE188A8B69004CF099 /* HPIndexViewController.m in Sources */ = {isa = PBXBuildFile; fileRef = 8740FADC188A8B69004CF099 /* HPIndexViewController.m */; };
		8740FADF188A8B69004CF099 /* HPIndexViewController.xib in Resources */ = {isa = PBXBuildFile; fileRef = 8740FADD188A8B69004CF099 /* HPIndexViewController.xib */; };
		8740FAE5188A8C3F004CF099 /* HPIndexItem.m in Sources */ = {isa = PBXBuildFile; fileRef = 8740FAE4188A8C3F004CF099 /* HPIndexItem.m */; };
		8740FAE8188AA7DB004CF099 /* HPNoteTableViewCell.m in Sources */ = {isa = PBXBuildFile; fileRef = 8740FAE7188AA7DB004CF099 /* HPNoteTableViewCell.m */; };
		8740FAEB188ACEF9004CF099 /* Localizable.strings in Resources */ = {isa = PBXBuildFile; fileRef = 8740FAE9188ACEF9004CF099 /* Localizable.strings */; };
		8740FAF1188B2AC5004CF099 /* HPTagSuggestionsView.m in Sources */ = {isa = PBXBuildFile; fileRef = 8740FAF0188B2AC5004CF099 /* HPTagSuggestionsView.m */; };
		8740FAF5188B3A5A004CF099 /* NDTrie.m in Sources */ = {isa = PBXBuildFile; fileRef = 8740FAF4188B3A5A004CF099 /* NDTrie.m */; settings = {COMPILER_FLAGS = "-fno-objc-arc"; }; };
		8763DA2B18883ACF000D9569 /* Foundation.framework in Frameworks */ = {isa = PBXBuildFile; fileRef = 8763DA2A18883ACF000D9569 /* Foundation.framework */; };
		8763DA2D18883ACF000D9569 /* CoreGraphics.framework in Frameworks */ = {isa = PBXBuildFile; fileRef = 8763DA2C18883ACF000D9569 /* CoreGraphics.framework */; };
		8763DA2F18883ACF000D9569 /* UIKit.framework in Frameworks */ = {isa = PBXBuildFile; fileRef = 8763DA2E18883ACF000D9569 /* UIKit.framework */; };
		8763DA3518883ACF000D9569 /* InfoPlist.strings in Resources */ = {isa = PBXBuildFile; fileRef = 8763DA3318883ACF000D9569 /* InfoPlist.strings */; };
		8763DA3718883ACF000D9569 /* main.m in Sources */ = {isa = PBXBuildFile; fileRef = 8763DA3618883ACF000D9569 /* main.m */; };
		8763DA3B18883ACF000D9569 /* HPAppDelegate.m in Sources */ = {isa = PBXBuildFile; fileRef = 8763DA3A18883ACF000D9569 /* HPAppDelegate.m */; };
		8763DA3D18883ACF000D9569 /* Images.xcassets in Resources */ = {isa = PBXBuildFile; fileRef = 8763DA3C18883ACF000D9569 /* Images.xcassets */; };
		8763DA4418883ACF000D9569 /* XCTest.framework in Frameworks */ = {isa = PBXBuildFile; fileRef = 8763DA4318883ACF000D9569 /* XCTest.framework */; };
		8763DA4518883ACF000D9569 /* Foundation.framework in Frameworks */ = {isa = PBXBuildFile; fileRef = 8763DA2A18883ACF000D9569 /* Foundation.framework */; };
		8763DA4618883ACF000D9569 /* UIKit.framework in Frameworks */ = {isa = PBXBuildFile; fileRef = 8763DA2E18883ACF000D9569 /* UIKit.framework */; };
		8763DA4E18883ACF000D9569 /* InfoPlist.strings in Resources */ = {isa = PBXBuildFile; fileRef = 8763DA4C18883ACF000D9569 /* InfoPlist.strings */; };
		8763DA5018883ACF000D9569 /* AgnesTests.m in Sources */ = {isa = PBXBuildFile; fileRef = 8763DA4F18883ACF000D9569 /* AgnesTests.m */; };
		8763DA5B18883B2B000D9569 /* HPNoteListViewController.m in Sources */ = {isa = PBXBuildFile; fileRef = 8763DA5A18883B2B000D9569 /* HPNoteListViewController.m */; };
		8763DA5D18883B6D000D9569 /* HPNoteListViewController.xib in Resources */ = {isa = PBXBuildFile; fileRef = 8763DA5C18883B6D000D9569 /* HPNoteListViewController.xib */; };
		8763DA631888420A000D9569 /* HPNoteManager.m in Sources */ = {isa = PBXBuildFile; fileRef = 8763DA621888420A000D9569 /* HPNoteManager.m */; };
		8763DA6718884650000D9569 /* HPNoteViewController.m in Sources */ = {isa = PBXBuildFile; fileRef = 8763DA6518884650000D9569 /* HPNoteViewController.m */; };
		8763DA6818884650000D9569 /* HPNoteViewController.xib in Resources */ = {isa = PBXBuildFile; fileRef = 8763DA6618884650000D9569 /* HPNoteViewController.xib */; };
		8763DA6B188942F6000D9569 /* HPBaseTextStorage.m in Sources */ = {isa = PBXBuildFile; fileRef = 8763DA6A188942F6000D9569 /* HPBaseTextStorage.m */; };
		8763DA6E18897982000D9569 /* HPNoteListTableViewCell.m in Sources */ = {isa = PBXBuildFile; fileRef = 8763DA6D18897982000D9569 /* HPNoteListTableViewCell.m */; };
		87E37E3E188B57C0000333EA /* HPPreferencesManager.m in Sources */ = {isa = PBXBuildFile; fileRef = 87E37E3D188B57C0000333EA /* HPPreferencesManager.m */; };
		87E37E41188B6158000333EA /* HPNoteAction.m in Sources */ = {isa = PBXBuildFile; fileRef = 87E37E40188B6158000333EA /* HPNoteAction.m */; };
		87E37E88188BDFA6000333EA /* Agnes.xcdatamodeld in Sources */ = {isa = PBXBuildFile; fileRef = 87E37E86188BDFA6000333EA /* Agnes.xcdatamodeld */; };
		87E37EE4188BEF81000333EA /* CoreData.framework in Frameworks */ = {isa = PBXBuildFile; fileRef = 87E37EE3188BEF81000333EA /* CoreData.framework */; };
		87E37EE7188C413C000333EA /* HPNote.m in Sources */ = {isa = PBXBuildFile; fileRef = 87E37EE6188C413C000333EA /* HPNote.m */; };
		87E37EEA188C413D000333EA /* HPTag.m in Sources */ = {isa = PBXBuildFile; fileRef = 87E37EE9188C413D000333EA /* HPTag.m */; };
/* End PBXBuildFile section */

/* Begin PBXContainerItemProxy section */
		8763DA4718883ACF000D9569 /* PBXContainerItemProxy */ = {
			isa = PBXContainerItemProxy;
			containerPortal = 8763DA1F18883ACF000D9569 /* Project object */;
			proxyType = 1;
			remoteGlobalIDString = 8763DA2618883ACF000D9569;
			remoteInfo = Agnes;
		};
/* End PBXContainerItemProxy section */

/* Begin PBXFileReference section */
		09E94F643D944B4DAEA256D1 /* Pods.xcconfig */ = {isa = PBXFileReference; includeInIndex = 1; lastKnownFileType = text.xcconfig; name = Pods.xcconfig; path = Pods/Pods.xcconfig; sourceTree = "<group>"; };
		8740FAD81889B3F4004CF099 /* HPNoteSearchTableViewCell.h */ = {isa = PBXFileReference; fileEncoding = 4; lastKnownFileType = sourcecode.c.h; path = HPNoteSearchTableViewCell.h; sourceTree = "<group>"; };
		8740FAD91889B3F4004CF099 /* HPNoteSearchTableViewCell.m */ = {isa = PBXFileReference; fileEncoding = 4; lastKnownFileType = sourcecode.c.objc; path = HPNoteSearchTableViewCell.m; sourceTree = "<group>"; };
		8740FADB188A8B69004CF099 /* HPIndexViewController.h */ = {isa = PBXFileReference; fileEncoding = 4; lastKnownFileType = sourcecode.c.h; path = HPIndexViewController.h; sourceTree = "<group>"; };
		8740FADC188A8B69004CF099 /* HPIndexViewController.m */ = {isa = PBXFileReference; fileEncoding = 4; lastKnownFileType = sourcecode.c.objc; path = HPIndexViewController.m; sourceTree = "<group>"; };
		8740FADD188A8B69004CF099 /* HPIndexViewController.xib */ = {isa = PBXFileReference; fileEncoding = 4; lastKnownFileType = file.xib; path = HPIndexViewController.xib; sourceTree = "<group>"; };
		8740FAE3188A8C3F004CF099 /* HPIndexItem.h */ = {isa = PBXFileReference; fileEncoding = 4; lastKnownFileType = sourcecode.c.h; path = HPIndexItem.h; sourceTree = "<group>"; };
		8740FAE4188A8C3F004CF099 /* HPIndexItem.m */ = {isa = PBXFileReference; fileEncoding = 4; lastKnownFileType = sourcecode.c.objc; path = HPIndexItem.m; sourceTree = "<group>"; };
		8740FAE6188AA7DB004CF099 /* HPNoteTableViewCell.h */ = {isa = PBXFileReference; fileEncoding = 4; lastKnownFileType = sourcecode.c.h; path = HPNoteTableViewCell.h; sourceTree = "<group>"; };
		8740FAE7188AA7DB004CF099 /* HPNoteTableViewCell.m */ = {isa = PBXFileReference; fileEncoding = 4; lastKnownFileType = sourcecode.c.objc; path = HPNoteTableViewCell.m; sourceTree = "<group>"; };
		8740FAEA188ACEF9004CF099 /* en */ = {isa = PBXFileReference; lastKnownFileType = text.plist.strings; name = en; path = en.lproj/Localizable.strings; sourceTree = "<group>"; };
		8740FAEF188B2AC5004CF099 /* HPTagSuggestionsView.h */ = {isa = PBXFileReference; fileEncoding = 4; lastKnownFileType = sourcecode.c.h; path = HPTagSuggestionsView.h; sourceTree = "<group>"; };
		8740FAF0188B2AC5004CF099 /* HPTagSuggestionsView.m */ = {isa = PBXFileReference; fileEncoding = 4; lastKnownFileType = sourcecode.c.objc; path = HPTagSuggestionsView.m; sourceTree = "<group>"; };
		8740FAF3188B3A5A004CF099 /* NDTrie.h */ = {isa = PBXFileReference; fileEncoding = 4; lastKnownFileType = sourcecode.c.h; path = NDTrie.h; sourceTree = "<group>"; };
		8740FAF4188B3A5A004CF099 /* NDTrie.m */ = {isa = PBXFileReference; fileEncoding = 4; lastKnownFileType = sourcecode.c.objc; path = NDTrie.m; sourceTree = "<group>"; };
		8763DA2718883ACF000D9569 /* Agnes.app */ = {isa = PBXFileReference; explicitFileType = wrapper.application; includeInIndex = 0; path = Agnes.app; sourceTree = BUILT_PRODUCTS_DIR; };
		8763DA2A18883ACF000D9569 /* Foundation.framework */ = {isa = PBXFileReference; lastKnownFileType = wrapper.framework; name = Foundation.framework; path = System/Library/Frameworks/Foundation.framework; sourceTree = SDKROOT; };
		8763DA2C18883ACF000D9569 /* CoreGraphics.framework */ = {isa = PBXFileReference; lastKnownFileType = wrapper.framework; name = CoreGraphics.framework; path = System/Library/Frameworks/CoreGraphics.framework; sourceTree = SDKROOT; };
		8763DA2E18883ACF000D9569 /* UIKit.framework */ = {isa = PBXFileReference; lastKnownFileType = wrapper.framework; name = UIKit.framework; path = System/Library/Frameworks/UIKit.framework; sourceTree = SDKROOT; };
		8763DA3218883ACF000D9569 /* Agnes-Info.plist */ = {isa = PBXFileReference; lastKnownFileType = text.plist.xml; path = "Agnes-Info.plist"; sourceTree = "<group>"; };
		8763DA3418883ACF000D9569 /* en */ = {isa = PBXFileReference; lastKnownFileType = text.plist.strings; name = en; path = en.lproj/InfoPlist.strings; sourceTree = "<group>"; };
		8763DA3618883ACF000D9569 /* main.m */ = {isa = PBXFileReference; lastKnownFileType = sourcecode.c.objc; path = main.m; sourceTree = "<group>"; };
		8763DA3818883ACF000D9569 /* Agnes-Prefix.pch */ = {isa = PBXFileReference; lastKnownFileType = sourcecode.c.h; path = "Agnes-Prefix.pch"; sourceTree = "<group>"; };
		8763DA3918883ACF000D9569 /* HPAppDelegate.h */ = {isa = PBXFileReference; lastKnownFileType = sourcecode.c.h; path = HPAppDelegate.h; sourceTree = "<group>"; };
		8763DA3A18883ACF000D9569 /* HPAppDelegate.m */ = {isa = PBXFileReference; lastKnownFileType = sourcecode.c.objc; path = HPAppDelegate.m; sourceTree = "<group>"; };
		8763DA3C18883ACF000D9569 /* Images.xcassets */ = {isa = PBXFileReference; lastKnownFileType = folder.assetcatalog; path = Images.xcassets; sourceTree = "<group>"; };
		8763DA4218883ACF000D9569 /* AgnesTests.xctest */ = {isa = PBXFileReference; explicitFileType = wrapper.cfbundle; includeInIndex = 0; path = AgnesTests.xctest; sourceTree = BUILT_PRODUCTS_DIR; };
		8763DA4318883ACF000D9569 /* XCTest.framework */ = {isa = PBXFileReference; lastKnownFileType = wrapper.framework; name = XCTest.framework; path = Library/Frameworks/XCTest.framework; sourceTree = DEVELOPER_DIR; };
		8763DA4B18883ACF000D9569 /* AgnesTests-Info.plist */ = {isa = PBXFileReference; lastKnownFileType = text.plist.xml; path = "AgnesTests-Info.plist"; sourceTree = "<group>"; };
		8763DA4D18883ACF000D9569 /* en */ = {isa = PBXFileReference; lastKnownFileType = text.plist.strings; name = en; path = en.lproj/InfoPlist.strings; sourceTree = "<group>"; };
		8763DA4F18883ACF000D9569 /* AgnesTests.m */ = {isa = PBXFileReference; lastKnownFileType = sourcecode.c.objc; path = AgnesTests.m; sourceTree = "<group>"; };
		8763DA5918883B2B000D9569 /* HPNoteListViewController.h */ = {isa = PBXFileReference; fileEncoding = 4; lastKnownFileType = sourcecode.c.h; path = HPNoteListViewController.h; sourceTree = "<group>"; };
		8763DA5A18883B2B000D9569 /* HPNoteListViewController.m */ = {isa = PBXFileReference; fileEncoding = 4; lastKnownFileType = sourcecode.c.objc; path = HPNoteListViewController.m; sourceTree = "<group>"; };
		8763DA5C18883B6D000D9569 /* HPNoteListViewController.xib */ = {isa = PBXFileReference; fileEncoding = 4; lastKnownFileType = file.xib; path = HPNoteListViewController.xib; sourceTree = "<group>"; };
		8763DA611888420A000D9569 /* HPNoteManager.h */ = {isa = PBXFileReference; fileEncoding = 4; lastKnownFileType = sourcecode.c.h; path = HPNoteManager.h; sourceTree = "<group>"; };
		8763DA621888420A000D9569 /* HPNoteManager.m */ = {isa = PBXFileReference; fileEncoding = 4; lastKnownFileType = sourcecode.c.objc; path = HPNoteManager.m; sourceTree = "<group>"; };
		8763DA6418884650000D9569 /* HPNoteViewController.h */ = {isa = PBXFileReference; fileEncoding = 4; lastKnownFileType = sourcecode.c.h; path = HPNoteViewController.h; sourceTree = "<group>"; };
		8763DA6518884650000D9569 /* HPNoteViewController.m */ = {isa = PBXFileReference; fileEncoding = 4; lastKnownFileType = sourcecode.c.objc; path = HPNoteViewController.m; sourceTree = "<group>"; };
		8763DA6618884650000D9569 /* HPNoteViewController.xib */ = {isa = PBXFileReference; fileEncoding = 4; lastKnownFileType = file.xib; path = HPNoteViewController.xib; sourceTree = "<group>"; };
		8763DA69188942F6000D9569 /* HPBaseTextStorage.h */ = {isa = PBXFileReference; fileEncoding = 4; lastKnownFileType = sourcecode.c.h; path = HPBaseTextStorage.h; sourceTree = "<group>"; };
		8763DA6A188942F6000D9569 /* HPBaseTextStorage.m */ = {isa = PBXFileReference; fileEncoding = 4; lastKnownFileType = sourcecode.c.objc; path = HPBaseTextStorage.m; sourceTree = "<group>"; };
		8763DA6C18897982000D9569 /* HPNoteListTableViewCell.h */ = {isa = PBXFileReference; fileEncoding = 4; lastKnownFileType = sourcecode.c.h; path = HPNoteListTableViewCell.h; sourceTree = "<group>"; };
		8763DA6D18897982000D9569 /* HPNoteListTableViewCell.m */ = {isa = PBXFileReference; fileEncoding = 4; lastKnownFileType = sourcecode.c.objc; path = HPNoteListTableViewCell.m; sourceTree = "<group>"; };
		87E37E3C188B57C0000333EA /* HPPreferencesManager.h */ = {isa = PBXFileReference; fileEncoding = 4; lastKnownFileType = sourcecode.c.h; path = HPPreferencesManager.h; sourceTree = "<group>"; };
		87E37E3D188B57C0000333EA /* HPPreferencesManager.m */ = {isa = PBXFileReference; fileEncoding = 4; lastKnownFileType = sourcecode.c.objc; path = HPPreferencesManager.m; sourceTree = "<group>"; };
		87E37E3F188B6158000333EA /* HPNoteAction.h */ = {isa = PBXFileReference; fileEncoding = 4; lastKnownFileType = sourcecode.c.h; path = HPNoteAction.h; sourceTree = "<group>"; };
		87E37E40188B6158000333EA /* HPNoteAction.m */ = {isa = PBXFileReference; fileEncoding = 4; lastKnownFileType = sourcecode.c.objc; path = HPNoteAction.m; sourceTree = "<group>"; };
		87E37E87188BDFA6000333EA /* Agnes.xcdatamodel */ = {isa = PBXFileReference; lastKnownFileType = wrapper.xcdatamodel; path = Agnes.xcdatamodel; sourceTree = "<group>"; };
		87E37EE3188BEF81000333EA /* CoreData.framework */ = {isa = PBXFileReference; lastKnownFileType = wrapper.framework; name = CoreData.framework; path = System/Library/Frameworks/CoreData.framework; sourceTree = SDKROOT; };
		87E37EE5188C413C000333EA /* HPNote.h */ = {isa = PBXFileReference; fileEncoding = 4; lastKnownFileType = sourcecode.c.h; path = HPNote.h; sourceTree = "<group>"; };
		87E37EE6188C413C000333EA /* HPNote.m */ = {isa = PBXFileReference; fileEncoding = 4; lastKnownFileType = sourcecode.c.objc; path = HPNote.m; sourceTree = "<group>"; };
		87E37EE8188C413D000333EA /* HPTag.h */ = {isa = PBXFileReference; fileEncoding = 4; lastKnownFileType = sourcecode.c.h; path = HPTag.h; sourceTree = "<group>"; };
		87E37EE9188C413D000333EA /* HPTag.m */ = {isa = PBXFileReference; fileEncoding = 4; lastKnownFileType = sourcecode.c.objc; path = HPTag.m; sourceTree = "<group>"; };
		9553C6822D1E4B5082F74644 /* libPods.a */ = {isa = PBXFileReference; explicitFileType = archive.ar; includeInIndex = 0; path = libPods.a; sourceTree = BUILT_PRODUCTS_DIR; };
/* End PBXFileReference section */

/* Begin PBXFrameworksBuildPhase section */
		8763DA2418883ACF000D9569 /* Frameworks */ = {
			isa = PBXFrameworksBuildPhase;
			buildActionMask = 2147483647;
			files = (
				87E37EE4188BEF81000333EA /* CoreData.framework in Frameworks */,
				8763DA2D18883ACF000D9569 /* CoreGraphics.framework in Frameworks */,
				8763DA2F18883ACF000D9569 /* UIKit.framework in Frameworks */,
				8763DA2B18883ACF000D9569 /* Foundation.framework in Frameworks */,
				3980E9A5F51A4472B7514BF4 /* libPods.a in Frameworks */,
			);
			runOnlyForDeploymentPostprocessing = 0;
		};
		8763DA3F18883ACF000D9569 /* Frameworks */ = {
			isa = PBXFrameworksBuildPhase;
			buildActionMask = 2147483647;
			files = (
				8763DA4418883ACF000D9569 /* XCTest.framework in Frameworks */,
				8763DA4618883ACF000D9569 /* UIKit.framework in Frameworks */,
				8763DA4518883ACF000D9569 /* Foundation.framework in Frameworks */,
			);
			runOnlyForDeploymentPostprocessing = 0;
		};
/* End PBXFrameworksBuildPhase section */

/* Begin PBXGroup section */
		8740FAE0188A8B79004CF099 /* Index */ = {
			isa = PBXGroup;
			children = (
				8740FADB188A8B69004CF099 /* HPIndexViewController.h */,
				8740FADC188A8B69004CF099 /* HPIndexViewController.m */,
				8740FADD188A8B69004CF099 /* HPIndexViewController.xib */,
				8740FAE3188A8C3F004CF099 /* HPIndexItem.h */,
				8740FAE4188A8C3F004CF099 /* HPIndexItem.m */,
			);
			name = Index;
			sourceTree = "<group>";
		};
		8740FAE1188A8B87004CF099 /* List */ = {
			isa = PBXGroup;
			children = (
				8740FAD81889B3F4004CF099 /* HPNoteSearchTableViewCell.h */,
				8740FAD91889B3F4004CF099 /* HPNoteSearchTableViewCell.m */,
				8763DA6C18897982000D9569 /* HPNoteListTableViewCell.h */,
				8763DA6D18897982000D9569 /* HPNoteListTableViewCell.m */,
				8763DA5918883B2B000D9569 /* HPNoteListViewController.h */,
				8763DA5A18883B2B000D9569 /* HPNoteListViewController.m */,
				8763DA5C18883B6D000D9569 /* HPNoteListViewController.xib */,
				8740FAE6188AA7DB004CF099 /* HPNoteTableViewCell.h */,
				8740FAE7188AA7DB004CF099 /* HPNoteTableViewCell.m */,
			);
			name = List;
			sourceTree = "<group>";
		};
		8740FAE2188A8BA2004CF099 /* Note */ = {
			isa = PBXGroup;
			children = (
				8763DA69188942F6000D9569 /* HPBaseTextStorage.h */,
				8763DA6A188942F6000D9569 /* HPBaseTextStorage.m */,
				8763DA6418884650000D9569 /* HPNoteViewController.h */,
				8763DA6518884650000D9569 /* HPNoteViewController.m */,
				8763DA6618884650000D9569 /* HPNoteViewController.xib */,
				8740FAEF188B2AC5004CF099 /* HPTagSuggestionsView.h */,
				8740FAF0188B2AC5004CF099 /* HPTagSuggestionsView.m */,
				87E37E3F188B6158000333EA /* HPNoteAction.h */,
				87E37E40188B6158000333EA /* HPNoteAction.m */,
			);
			name = Note;
			sourceTree = "<group>";
		};
		8740FAF2188B39FC004CF099 /* External */ = {
			isa = PBXGroup;
			children = (
				8740FAF3188B3A5A004CF099 /* NDTrie.h */,
				8740FAF4188B3A5A004CF099 /* NDTrie.m */,
			);
			name = External;
			sourceTree = "<group>";
		};
		8763DA1E18883ACF000D9569 = {
			isa = PBXGroup;
			children = (
				8763DA3018883ACF000D9569 /* Agnes */,
				8763DA4918883ACF000D9569 /* AgnesTests */,
				8763DA2918883ACF000D9569 /* Frameworks */,
				8763DA2818883ACF000D9569 /* Products */,
				09E94F643D944B4DAEA256D1 /* Pods.xcconfig */,
			);
			sourceTree = "<group>";
		};
		8763DA2818883ACF000D9569 /* Products */ = {
			isa = PBXGroup;
			children = (
				8763DA2718883ACF000D9569 /* Agnes.app */,
				8763DA4218883ACF000D9569 /* AgnesTests.xctest */,
			);
			name = Products;
			sourceTree = "<group>";
		};
		8763DA2918883ACF000D9569 /* Frameworks */ = {
			isa = PBXGroup;
			children = (
				87E37EE3188BEF81000333EA /* CoreData.framework */,
				8763DA2A18883ACF000D9569 /* Foundation.framework */,
				8763DA2C18883ACF000D9569 /* CoreGraphics.framework */,
				8763DA2E18883ACF000D9569 /* UIKit.framework */,
				8763DA4318883ACF000D9569 /* XCTest.framework */,
				9553C6822D1E4B5082F74644 /* libPods.a */,
			);
			name = Frameworks;
			sourceTree = "<group>";
		};
		8763DA3018883ACF000D9569 /* Agnes */ = {
			isa = PBXGroup;
			children = (
				87E37E89188BE369000333EA /* Model */,
				8740FAF2188B39FC004CF099 /* External */,
				8763DA3918883ACF000D9569 /* HPAppDelegate.h */,
				8763DA3A18883ACF000D9569 /* HPAppDelegate.m */,
				8763DA611888420A000D9569 /* HPNoteManager.h */,
				8763DA621888420A000D9569 /* HPNoteManager.m */,
				87E37E3C188B57C0000333EA /* HPPreferencesManager.h */,
				87E37E3D188B57C0000333EA /* HPPreferencesManager.m */,
				8763DA3C18883ACF000D9569 /* Images.xcassets */,
				8740FAE0188A8B79004CF099 /* Index */,
				8740FAE1188A8B87004CF099 /* List */,
				8740FAE2188A8BA2004CF099 /* Note */,
				8763DA3118883ACF000D9569 /* Supporting Files */,
				87E37E86188BDFA6000333EA /* Agnes.xcdatamodeld */,
			);
			path = Agnes;
			sourceTree = "<group>";
		};
		8763DA3118883ACF000D9569 /* Supporting Files */ = {
			isa = PBXGroup;
			children = (
				8763DA3218883ACF000D9569 /* Agnes-Info.plist */,
				8763DA3318883ACF000D9569 /* InfoPlist.strings */,
				8763DA3618883ACF000D9569 /* main.m */,
				8763DA3818883ACF000D9569 /* Agnes-Prefix.pch */,
				8740FAE9188ACEF9004CF099 /* Localizable.strings */,
			);
			name = "Supporting Files";
			sourceTree = "<group>";
		};
		8763DA4918883ACF000D9569 /* AgnesTests */ = {
			isa = PBXGroup;
			children = (
				8763DA4F18883ACF000D9569 /* AgnesTests.m */,
				8763DA4A18883ACF000D9569 /* Supporting Files */,
			);
			path = AgnesTests;
			sourceTree = "<group>";
		};
		8763DA4A18883ACF000D9569 /* Supporting Files */ = {
			isa = PBXGroup;
			children = (
				8763DA4B18883ACF000D9569 /* AgnesTests-Info.plist */,
				8763DA4C18883ACF000D9569 /* InfoPlist.strings */,
			);
			name = "Supporting Files";
			sourceTree = "<group>";
		};
		87E37E89188BE369000333EA /* Model */ = {
			isa = PBXGroup;
			children = (
				87E37EE5188C413C000333EA /* HPNote.h */,
				87E37EE6188C413C000333EA /* HPNote.m */,
				87E37EE8188C413D000333EA /* HPTag.h */,
				87E37EE9188C413D000333EA /* HPTag.m */,
			);
			name = Model;
			sourceTree = "<group>";
		};
/* End PBXGroup section */

/* Begin PBXNativeTarget section */
		8763DA2618883ACF000D9569 /* Agnes */ = {
			isa = PBXNativeTarget;
			buildConfigurationList = 8763DA5318883ACF000D9569 /* Build configuration list for PBXNativeTarget "Agnes" */;
			buildPhases = (
				1EAA84FAA717416BB707B8E8 /* Check Pods Manifest.lock */,
				8763DA2318883ACF000D9569 /* Sources */,
				8763DA2418883ACF000D9569 /* Frameworks */,
				8763DA2518883ACF000D9569 /* Resources */,
				0A920CE647924000998B3AB0 /* Copy Pods Resources */,
			);
			buildRules = (
			);
			dependencies = (
			);
			name = Agnes;
			productName = Agnes;
			productReference = 8763DA2718883ACF000D9569 /* Agnes.app */;
			productType = "com.apple.product-type.application";
		};
		8763DA4118883ACF000D9569 /* AgnesTests */ = {
			isa = PBXNativeTarget;
			buildConfigurationList = 8763DA5618883ACF000D9569 /* Build configuration list for PBXNativeTarget "AgnesTests" */;
			buildPhases = (
				8763DA3E18883ACF000D9569 /* Sources */,
				8763DA3F18883ACF000D9569 /* Frameworks */,
				8763DA4018883ACF000D9569 /* Resources */,
			);
			buildRules = (
			);
			dependencies = (
				8763DA4818883ACF000D9569 /* PBXTargetDependency */,
			);
			name = AgnesTests;
			productName = AgnesTests;
			productReference = 8763DA4218883ACF000D9569 /* AgnesTests.xctest */;
			productType = "com.apple.product-type.bundle.unit-test";
		};
/* End PBXNativeTarget section */

/* Begin PBXProject section */
		8763DA1F18883ACF000D9569 /* Project object */ = {
			isa = PBXProject;
			attributes = {
				CLASSPREFIX = HP;
				LastUpgradeCheck = 0500;
				ORGANIZATIONNAME = "Hermes Pique";
				TargetAttributes = {
					8763DA2618883ACF000D9569 = {
						DevelopmentTeam = BT9U542CT8;
					};
					8763DA4118883ACF000D9569 = {
						TestTargetID = 8763DA2618883ACF000D9569;
					};
				};
			};
			buildConfigurationList = 8763DA2218883ACF000D9569 /* Build configuration list for PBXProject "Agnes" */;
			compatibilityVersion = "Xcode 3.2";
			developmentRegion = English;
			hasScannedForEncodings = 0;
			knownRegions = (
				en,
			);
			mainGroup = 8763DA1E18883ACF000D9569;
			productRefGroup = 8763DA2818883ACF000D9569 /* Products */;
			projectDirPath = "";
			projectRoot = "";
			targets = (
				8763DA2618883ACF000D9569 /* Agnes */,
				8763DA4118883ACF000D9569 /* AgnesTests */,
			);
		};
/* End PBXProject section */

/* Begin PBXResourcesBuildPhase section */
		8763DA2518883ACF000D9569 /* Resources */ = {
			isa = PBXResourcesBuildPhase;
			buildActionMask = 2147483647;
			files = (
				8740FAEB188ACEF9004CF099 /* Localizable.strings in Resources */,
				8763DA3518883ACF000D9569 /* InfoPlist.strings in Resources */,
				8763DA5D18883B6D000D9569 /* HPNoteListViewController.xib in Resources */,
				8763DA6818884650000D9569 /* HPNoteViewController.xib in Resources */,
				8763DA3D18883ACF000D9569 /* Images.xcassets in Resources */,
				8740FADF188A8B69004CF099 /* HPIndexViewController.xib in Resources */,
			);
			runOnlyForDeploymentPostprocessing = 0;
		};
		8763DA4018883ACF000D9569 /* Resources */ = {
			isa = PBXResourcesBuildPhase;
			buildActionMask = 2147483647;
			files = (
				8763DA4E18883ACF000D9569 /* InfoPlist.strings in Resources */,
			);
			runOnlyForDeploymentPostprocessing = 0;
		};
/* End PBXResourcesBuildPhase section */

/* Begin PBXShellScriptBuildPhase section */
		0A920CE647924000998B3AB0 /* Copy Pods Resources */ = {
			isa = PBXShellScriptBuildPhase;
			buildActionMask = 2147483647;
			files = (
			);
			inputPaths = (
			);
			name = "Copy Pods Resources";
			outputPaths = (
			);
			runOnlyForDeploymentPostprocessing = 0;
			shellPath = /bin/sh;
			shellScript = "\"${SRCROOT}/Pods/Pods-resources.sh\"\n";
			showEnvVarsInLog = 0;
		};
		1EAA84FAA717416BB707B8E8 /* Check Pods Manifest.lock */ = {
			isa = PBXShellScriptBuildPhase;
			buildActionMask = 2147483647;
			files = (
			);
			inputPaths = (
			);
			name = "Check Pods Manifest.lock";
			outputPaths = (
			);
			runOnlyForDeploymentPostprocessing = 0;
			shellPath = /bin/sh;
			shellScript = "diff \"${PODS_ROOT}/../Podfile.lock\" \"${PODS_ROOT}/Manifest.lock\" > /dev/null\nif [[ $? != 0 ]] ; then\n    cat << EOM\nerror: The sandbox is not in sync with the Podfile.lock. Run 'pod install' or update your CocoaPods installation.\nEOM\n    exit 1\nfi\n";
			showEnvVarsInLog = 0;
		};
/* End PBXShellScriptBuildPhase section */

/* Begin PBXSourcesBuildPhase section */
		8763DA2318883ACF000D9569 /* Sources */ = {
			isa = PBXSourcesBuildPhase;
			buildActionMask = 2147483647;
			files = (
				8763DA5B18883B2B000D9569 /* HPNoteListViewController.m in Sources */,
				8740FAF1188B2AC5004CF099 /* HPTagSuggestionsView.m in Sources */,
				8740FAE8188AA7DB004CF099 /* HPNoteTableViewCell.m in Sources */,
				8740FAE5188A8C3F004CF099 /* HPIndexItem.m in Sources */,
				8763DA6E18897982000D9569 /* HPNoteListTableViewCell.m in Sources */,
				87E37E41188B6158000333EA /* HPNoteAction.m in Sources */,
				8740FADA1889B3F4004CF099 /* HPNoteSearchTableViewCell.m in Sources */,
				87E37EEA188C413D000333EA /* HPTag.m in Sources */,
				8740FADE188A8B69004CF099 /* HPIndexViewController.m in Sources */,
				8763DA6B188942F6000D9569 /* HPBaseTextStorage.m in Sources */,
				87E37E88188BDFA6000333EA /* Agnes.xcdatamodeld in Sources */,
				8740FAF5188B3A5A004CF099 /* NDTrie.m in Sources */,
				87E37E3E188B57C0000333EA /* HPPreferencesManager.m in Sources */,
				8763DA6718884650000D9569 /* HPNoteViewController.m in Sources */,
				8763DA3B18883ACF000D9569 /* HPAppDelegate.m in Sources */,
				8763DA631888420A000D9569 /* HPNoteManager.m in Sources */,
				8763DA3718883ACF000D9569 /* main.m in Sources */,
				87E37EE7188C413C000333EA /* HPNote.m in Sources */,
			);
			runOnlyForDeploymentPostprocessing = 0;
		};
		8763DA3E18883ACF000D9569 /* Sources */ = {
			isa = PBXSourcesBuildPhase;
			buildActionMask = 2147483647;
			files = (
				8763DA5018883ACF000D9569 /* AgnesTests.m in Sources */,
			);
			runOnlyForDeploymentPostprocessing = 0;
		};
/* End PBXSourcesBuildPhase section */

/* Begin PBXTargetDependency section */
		8763DA4818883ACF000D9569 /* PBXTargetDependency */ = {
			isa = PBXTargetDependency;
			target = 8763DA2618883ACF000D9569 /* Agnes */;
			targetProxy = 8763DA4718883ACF000D9569 /* PBXContainerItemProxy */;
		};
/* End PBXTargetDependency section */

/* Begin PBXVariantGroup section */
		8740FAE9188ACEF9004CF099 /* Localizable.strings */ = {
			isa = PBXVariantGroup;
			children = (
				8740FAEA188ACEF9004CF099 /* en */,
			);
			name = Localizable.strings;
			sourceTree = "<group>";
		};
		8763DA3318883ACF000D9569 /* InfoPlist.strings */ = {
			isa = PBXVariantGroup;
			children = (
				8763DA3418883ACF000D9569 /* en */,
			);
			name = InfoPlist.strings;
			sourceTree = "<group>";
		};
		8763DA4C18883ACF000D9569 /* InfoPlist.strings */ = {
			isa = PBXVariantGroup;
			children = (
				8763DA4D18883ACF000D9569 /* en */,
			);
			name = InfoPlist.strings;
			sourceTree = "<group>";
		};
/* End PBXVariantGroup section */

/* Begin XCBuildConfiguration section */
		8763DA5118883ACF000D9569 /* Debug */ = {
			isa = XCBuildConfiguration;
			buildSettings = {
				ALWAYS_SEARCH_USER_PATHS = NO;
				ARCHS = "$(ARCHS_STANDARD_INCLUDING_64_BIT)";
				CLANG_CXX_LANGUAGE_STANDARD = "gnu++0x";
				CLANG_CXX_LIBRARY = "libc++";
				CLANG_ENABLE_MODULES = YES;
				CLANG_ENABLE_OBJC_ARC = YES;
				CLANG_WARN_BOOL_CONVERSION = YES;
				CLANG_WARN_CONSTANT_CONVERSION = YES;
				CLANG_WARN_DIRECT_OBJC_ISA_USAGE = YES_ERROR;
				CLANG_WARN_EMPTY_BODY = YES;
				CLANG_WARN_ENUM_CONVERSION = YES;
				CLANG_WARN_INT_CONVERSION = YES;
				CLANG_WARN_OBJC_ROOT_CLASS = YES_ERROR;
				CLANG_WARN__DUPLICATE_METHOD_MATCH = YES;
				"CODE_SIGN_IDENTITY[sdk=iphoneos*]" = "iPhone Developer";
				COPY_PHASE_STRIP = NO;
				GCC_C_LANGUAGE_STANDARD = gnu99;
				GCC_DYNAMIC_NO_PIC = NO;
				GCC_OPTIMIZATION_LEVEL = 0;
				GCC_PREPROCESSOR_DEFINITIONS = (
					"DEBUG=1",
					"$(inherited)",
				);
				GCC_SYMBOLS_PRIVATE_EXTERN = NO;
				GCC_WARN_64_TO_32_BIT_CONVERSION = YES;
				GCC_WARN_ABOUT_RETURN_TYPE = YES_ERROR;
				GCC_WARN_UNDECLARED_SELECTOR = YES;
				GCC_WARN_UNINITIALIZED_AUTOS = YES;
				GCC_WARN_UNUSED_FUNCTION = YES;
				GCC_WARN_UNUSED_VARIABLE = YES;
				IPHONEOS_DEPLOYMENT_TARGET = 7.0;
				ONLY_ACTIVE_ARCH = YES;
				SDKROOT = iphoneos;
				TARGETED_DEVICE_FAMILY = "1,2";
			};
			name = Debug;
		};
		8763DA5218883ACF000D9569 /* Release */ = {
			isa = XCBuildConfiguration;
			buildSettings = {
				ALWAYS_SEARCH_USER_PATHS = NO;
				ARCHS = "$(ARCHS_STANDARD_INCLUDING_64_BIT)";
				CLANG_CXX_LANGUAGE_STANDARD = "gnu++0x";
				CLANG_CXX_LIBRARY = "libc++";
				CLANG_ENABLE_MODULES = YES;
				CLANG_ENABLE_OBJC_ARC = YES;
				CLANG_WARN_BOOL_CONVERSION = YES;
				CLANG_WARN_CONSTANT_CONVERSION = YES;
				CLANG_WARN_DIRECT_OBJC_ISA_USAGE = YES_ERROR;
				CLANG_WARN_EMPTY_BODY = YES;
				CLANG_WARN_ENUM_CONVERSION = YES;
				CLANG_WARN_INT_CONVERSION = YES;
				CLANG_WARN_OBJC_ROOT_CLASS = YES_ERROR;
				CLANG_WARN__DUPLICATE_METHOD_MATCH = YES;
				"CODE_SIGN_IDENTITY[sdk=iphoneos*]" = "iPhone Developer";
				COPY_PHASE_STRIP = YES;
				ENABLE_NS_ASSERTIONS = NO;
				GCC_C_LANGUAGE_STANDARD = gnu99;
				GCC_WARN_64_TO_32_BIT_CONVERSION = YES;
				GCC_WARN_ABOUT_RETURN_TYPE = YES_ERROR;
				GCC_WARN_UNDECLARED_SELECTOR = YES;
				GCC_WARN_UNINITIALIZED_AUTOS = YES;
				GCC_WARN_UNUSED_FUNCTION = YES;
				GCC_WARN_UNUSED_VARIABLE = YES;
				IPHONEOS_DEPLOYMENT_TARGET = 7.0;
				SDKROOT = iphoneos;
				TARGETED_DEVICE_FAMILY = "1,2";
				VALIDATE_PRODUCT = YES;
			};
			name = Release;
		};
		8763DA5418883ACF000D9569 /* Debug */ = {
			isa = XCBuildConfiguration;
			baseConfigurationReference = 09E94F643D944B4DAEA256D1 /* Pods.xcconfig */;
			buildSettings = {
				ASSETCATALOG_COMPILER_APPICON_NAME = AppIcon;
				ASSETCATALOG_COMPILER_LAUNCHIMAGE_NAME = LaunchImage;
				CODE_SIGN_IDENTITY = "iPhone Developer";
				"CODE_SIGN_IDENTITY[sdk=iphoneos*]" = "iPhone Developer";
				GCC_PRECOMPILE_PREFIX_HEADER = YES;
				GCC_PREFIX_HEADER = "Agnes/Agnes-Prefix.pch";
				INFOPLIST_FILE = "Agnes/Agnes-Info.plist";
				PRODUCT_NAME = "$(TARGET_NAME)";
				PROVISIONING_PROFILE = "";
				TARGETED_DEVICE_FAMILY = 1;
				WRAPPER_EXTENSION = app;
			};
			name = Debug;
		};
		8763DA5518883ACF000D9569 /* Release */ = {
			isa = XCBuildConfiguration;
			baseConfigurationReference = 09E94F643D944B4DAEA256D1 /* Pods.xcconfig */;
			buildSettings = {
				ASSETCATALOG_COMPILER_APPICON_NAME = AppIcon;
				ASSETCATALOG_COMPILER_LAUNCHIMAGE_NAME = LaunchImage;
				CODE_SIGN_IDENTITY = "iPhone Developer";
				"CODE_SIGN_IDENTITY[sdk=iphoneos*]" = "iPhone Developer";
				GCC_PRECOMPILE_PREFIX_HEADER = YES;
				GCC_PREFIX_HEADER = "Agnes/Agnes-Prefix.pch";
				INFOPLIST_FILE = "Agnes/Agnes-Info.plist";
				PRODUCT_NAME = "$(TARGET_NAME)";
				PROVISIONING_PROFILE = "";
				TARGETED_DEVICE_FAMILY = 1;
				WRAPPER_EXTENSION = app;
			};
			name = Release;
		};
		8763DA5718883ACF000D9569 /* Debug */ = {
			isa = XCBuildConfiguration;
			buildSettings = {
				ARCHS = "$(ARCHS_STANDARD_INCLUDING_64_BIT)";
				BUNDLE_LOADER = "$(BUILT_PRODUCTS_DIR)/Agnes.app/Agnes";
				FRAMEWORK_SEARCH_PATHS = (
					"$(SDKROOT)/Developer/Library/Frameworks",
					"$(inherited)",
					"$(DEVELOPER_FRAMEWORKS_DIR)",
				);
				GCC_PRECOMPILE_PREFIX_HEADER = YES;
				GCC_PREFIX_HEADER = "Agnes/Agnes-Prefix.pch";
				GCC_PREPROCESSOR_DEFINITIONS = (
					"DEBUG=1",
					"$(inherited)",
				);
				INFOPLIST_FILE = "AgnesTests/AgnesTests-Info.plist";
				PRODUCT_NAME = "$(TARGET_NAME)";
				TEST_HOST = "$(BUNDLE_LOADER)";
				WRAPPER_EXTENSION = xctest;
			};
			name = Debug;
		};
		8763DA5818883ACF000D9569 /* Release */ = {
			isa = XCBuildConfiguration;
			buildSettings = {
				ARCHS = "$(ARCHS_STANDARD_INCLUDING_64_BIT)";
				BUNDLE_LOADER = "$(BUILT_PRODUCTS_DIR)/Agnes.app/Agnes";
				FRAMEWORK_SEARCH_PATHS = (
					"$(SDKROOT)/Developer/Library/Frameworks",
					"$(inherited)",
					"$(DEVELOPER_FRAMEWORKS_DIR)",
				);
				GCC_PRECOMPILE_PREFIX_HEADER = YES;
				GCC_PREFIX_HEADER = "Agnes/Agnes-Prefix.pch";
				INFOPLIST_FILE = "AgnesTests/AgnesTests-Info.plist";
				PRODUCT_NAME = "$(TARGET_NAME)";
				TEST_HOST = "$(BUNDLE_LOADER)";
				WRAPPER_EXTENSION = xctest;
			};
			name = Release;
		};
/* End XCBuildConfiguration section */

/* Begin XCConfigurationList section */
		8763DA2218883ACF000D9569 /* Build configuration list for PBXProject "Agnes" */ = {
			isa = XCConfigurationList;
			buildConfigurations = (
				8763DA5118883ACF000D9569 /* Debug */,
				8763DA5218883ACF000D9569 /* Release */,
			);
			defaultConfigurationIsVisible = 0;
			defaultConfigurationName = Release;
		};
		8763DA5318883ACF000D9569 /* Build configuration list for PBXNativeTarget "Agnes" */ = {
			isa = XCConfigurationList;
			buildConfigurations = (
				8763DA5418883ACF000D9569 /* Debug */,
				8763DA5518883ACF000D9569 /* Release */,
			);
			defaultConfigurationIsVisible = 0;
			defaultConfigurationName = Release;
		};
		8763DA5618883ACF000D9569 /* Build configuration list for PBXNativeTarget "AgnesTests" */ = {
			isa = XCConfigurationList;
			buildConfigurations = (
				8763DA5718883ACF000D9569 /* Debug */,
				8763DA5818883ACF000D9569 /* Release */,
			);
			defaultConfigurationIsVisible = 0;
			defaultConfigurationName = Release;
		};
/* End XCConfigurationList section */

/* Begin XCVersionGroup section */
		87E37E86188BDFA6000333EA /* Agnes.xcdatamodeld */ = {
			isa = XCVersionGroup;
			children = (
				87E37E87188BDFA6000333EA /* Agnes.xcdatamodel */,
			);
			currentVersion = 87E37E87188BDFA6000333EA /* Agnes.xcdatamodel */;
			path = Agnes.xcdatamodeld;
			sourceTree = "<group>";
			versionGroupType = wrapper.xcdatamodel;
		};
/* End XCVersionGroup section */
	};
	rootObject = 8763DA1F18883ACF000D9569 /* Project object */;
}
