PODS:
  - ColorUtils (1.1.2)
  - HPReorderTableView (0.0.1)
  - iOS7Colors (2.0.0)
  - MCSwipeTableViewCell (2.0.0)
  - MHWDirectoryWatcher (0.0.4)
  - MMDrawerController (0.5.1):
    - MMDrawerController/Core
    - MMDrawerController/MMDrawerBarButtonItem
    - MMDrawerController/MMDrawerVisualStates
    - MMDrawerController/Subclass
  - MMDrawerController/Core (0.5.1)
  - MMDrawerController/MMDrawerBarButtonItem (0.5.1):
    - MMDrawerController/Core
  - MMDrawerController/MMDrawerVisualStates (0.5.1):
    - MMDrawerController/Core
  - MMDrawerController/Subclass (0.5.1):
    - MMDrawerController/Core
  - PSPDFTextView (1.1.0)
  - SSZipArchive (0.3.1)
  - TTTAttributedLabel (1.8.1)

DEPENDENCIES:
  - ColorUtils (~> 1.1)
  - HPReorderTableView (from `https://github.com/hpique/HPReorderTableView.git`)
  - iOS7Colors (~> 2.0.0)
  - MCSwipeTableViewCell (from `https://github.com/hpique/MCSwipeTableViewCell`, commit `65ceb6e599f95dec5093f8f65b8d093ed29fdd7d`)
  - MHWDirectoryWatcher (~> 0.0)
  - MMDrawerController (~> 0.5)
  - PSPDFTextView (from `https://github.com/hpique/PSPDFTextView.git`, branch `agnes`)
  - SSZipArchive (~> 0.3)
  - TTTAttributedLabel (from `https://github.com/hpique/TTTAttributedLabel.git`)

EXTERNAL SOURCES:
  HPReorderTableView:
    :git: https://github.com/hpique/HPReorderTableView.git
  MCSwipeTableViewCell:
    :commit: 65ceb6e599f95dec5093f8f65b8d093ed29fdd7d
    :git: https://github.com/hpique/MCSwipeTableViewCell
  PSPDFTextView:
    :branch: agnes
    :git: https://github.com/hpique/PSPDFTextView.git
  TTTAttributedLabel:
    :git: https://github.com/hpique/TTTAttributedLabel.git

SPEC CHECKSUMS:
  ColorUtils: 5740b610eb7b50833f46d6d9863ebaa1da55301d
  HPReorderTableView: ed45d7dcd241f0a989ea259ffe8a1523e2a82650
  iOS7Colors: 80d700ca0fe4415eeea1cfb74d4d790ffa0375ab
  MCSwipeTableViewCell: 40d2d91d618ed5248d20b7d75018a4a33b0477dc
  MHWDirectoryWatcher: c8d2677e94ab6e078d321f87c58be5fa101ae457
  MMDrawerController: 3e22aec684dbee5307ff9d1e76523003a3303a2d
  PSPDFTextView: f078c6015a9568241c9518a7bb284bb4cc2fa9e2
  SSZipArchive: 47d0589a15452311749a4eeecb97e12800d127de
  TTTAttributedLabel: 3a571d73e055f4a79c304240598e4bfd199238e4

COCOAPODS: 0.29.0
