PODS:
  - ColorUtils (1.1.2)
  - Haneke (0.1)
  - HPReorderTableView (0.2)
  - iOS7Colors (2.0.0)
  - iRate (1.10.2)
  - Lyt (0.3)
  - MCSwipeTableViewCell (2.0.0)
  - MHWDirectoryWatcher (0.0.4)
  - MMDrawerController (0.5.5):
    - MMDrawerController/Core
    - MMDrawerController/MMDrawerBarButtonItem
    - MMDrawerController/MMDrawerVisualStates
    - MMDrawerController/Subclass
  - MMDrawerController/Core (0.5.5)
  - MMDrawerController/MMDrawerBarButtonItem (0.5.5):
    - MMDrawerController/Core
  - MMDrawerController/MMDrawerVisualStates (0.5.5):
    - MMDrawerController/Core
  - MMDrawerController/Subclass (0.5.5):
    - MMDrawerController/Core
  - PSPDFTextView (1.1.0)
  - RMGallery (0.1)
  - SSZipArchive (0.3.1)
  - TTTAttributedLabel (1.8.1)

DEPENDENCIES:
  - ColorUtils (from `https://github.com/hpique/ColorUtils.git`, branch `agnes`)
  - Haneke (~> 0.1)
  - HPReorderTableView (~> 0.2)
  - iOS7Colors (~> 2.0.0)
  - iRate (~> 1.9)
  - Lyt (~> 0.3)
  - MCSwipeTableViewCell (from `https://github.com/hpique/MCSwipeTableViewCell.git`)
  - MHWDirectoryWatcher (~> 0.0)
  - MMDrawerController (~> 0.5)
  - PSPDFTextView (from `https://github.com/hpique/PSPDFTextView.git`, branch `agnes`)
  - RMGallery (~> 0.1)
  - SSZipArchive (~> 0.3)
  - TTTAttributedLabel (from `https://github.com/hpique/TTTAttributedLabel.git`)

EXTERNAL SOURCES:
  ColorUtils:
    :branch: agnes
    :git: https://github.com/hpique/ColorUtils.git
  MCSwipeTableViewCell:
    :git: https://github.com/hpique/MCSwipeTableViewCell.git
  PSPDFTextView:
    :branch: agnes
    :git: https://github.com/hpique/PSPDFTextView.git
  TTTAttributedLabel:
    :git: https://github.com/hpique/TTTAttributedLabel.git

SPEC CHECKSUMS:
  ColorUtils: 5740b610eb7b50833f46d6d9863ebaa1da55301d
  Haneke: 17fa6fd6adb56410342e65a9bbb73040f5ed7584
  HPReorderTableView: 245322ad8ca898bffd5f121fd2385ea962ff2b4c
  iOS7Colors: 38fd2461757b55f44cde3fcb1667fdedd8470e0c
  iRate: 7d204971bab2f727195b868e32e05216fe257681
  Lyt: fca90feadfd8343544c4944691aea6ae2eafb6ff
  MCSwipeTableViewCell: 40d2d91d618ed5248d20b7d75018a4a33b0477dc
  MHWDirectoryWatcher: 50b28610da2572f845182f486a863e0a745da513
  MMDrawerController: 45c08be28375eac9f0ecaa75f1f0e47eb38c8eb1
  PSPDFTextView: f078c6015a9568241c9518a7bb284bb4cc2fa9e2
  RMGallery: b8aa7cae8e976e3002b0419982dd3f4a25e762f0
  SSZipArchive: 6dc0ea3fe4b55574bee23c9f01d7c0f8437d59ef
  TTTAttributedLabel: 3a571d73e055f4a79c304240598e4bfd199238e4

COCOAPODS: 0.33.1
